// !$*UTF8*$!
{
	archiveVersion = 1;
	classes = {
	};
	objectVersion = 56;
	objects = {

/* Begin PBXBuildFile section */
		6CC5E5B129A8D441000A612E /* AppDelegate.swift in Sources */ = {isa = PBXBuildFile; fileRef = 6CC5E5B029A8D441000A612E /* AppDelegate.swift */; };
		6CC5E5B329A8D441000A612E /* SceneDelegate.swift in Sources */ = {isa = PBXBuildFile; fileRef = 6CC5E5B229A8D441000A612E /* SceneDelegate.swift */; };
		6CC5E5B529A8D441000A612E /* ViewController.swift in Sources */ = {isa = PBXBuildFile; fileRef = 6CC5E5B429A8D441000A612E /* ViewController.swift */; };
		6CC5E5B829A8D441000A612E /* Main.storyboard in Resources */ = {isa = PBXBuildFile; fileRef = 6CC5E5B629A8D441000A612E /* Main.storyboard */; };
		6CC5E5BA29A8D444000A612E /* Assets.xcassets in Resources */ = {isa = PBXBuildFile; fileRef = 6CC5E5B929A8D444000A612E /* Assets.xcassets */; };
		6CC5E5BD29A8D444000A612E /* LaunchScreen.storyboard in Resources */ = {isa = PBXBuildFile; fileRef = 6CC5E5BB29A8D444000A612E /* LaunchScreen.storyboard */; };
		6CC5E5C829A8D444000A612E /* OutletConnectionsViewControllerTests.swift in Sources */ = {isa = PBXBuildFile; fileRef = 6CC5E5C729A8D444000A612E /* OutletConnectionsViewControllerTests.swift */; };
		6CC5E5D229A8D444000A612E /* OutletConnectionsUITests.swift in Sources */ = {isa = PBXBuildFile; fileRef = 6CC5E5D129A8D444000A612E /* OutletConnectionsUITests.swift */; };
		6CC5E5D429A8D444000A612E /* OutletConnectionsUITestsLaunchTests.swift in Sources */ = {isa = PBXBuildFile; fileRef = 6CC5E5D329A8D444000A612E /* OutletConnectionsUITestsLaunchTests.swift */; };
		6CC5E5E229A8D495000A612E /* OutletConnectionsViewController.swift in Sources */ = {isa = PBXBuildFile; fileRef = 6CC5E5E029A8D495000A612E /* OutletConnectionsViewController.swift */; };
		6CC5E5E329A8D495000A612E /* OutletConnectionsViewController.xib in Resources */ = {isa = PBXBuildFile; fileRef = 6CC5E5E129A8D495000A612E /* OutletConnectionsViewController.xib */; };
/* End PBXBuildFile section */

/* Begin PBXContainerItemProxy section */
		6CC5E5C429A8D444000A612E /* PBXContainerItemProxy */ = {
			isa = PBXContainerItemProxy;
			containerPortal = 6CC5E5A529A8D441000A612E /* Project object */;
			proxyType = 1;
			remoteGlobalIDString = 6CC5E5AC29A8D441000A612E;
			remoteInfo = OutletConnections;
		};
		6CC5E5CE29A8D444000A612E /* PBXContainerItemProxy */ = {
			isa = PBXContainerItemProxy;
			containerPortal = 6CC5E5A529A8D441000A612E /* Project object */;
			proxyType = 1;
			remoteGlobalIDString = 6CC5E5AC29A8D441000A612E;
			remoteInfo = OutletConnections;
		};
/* End PBXContainerItemProxy section */

/* Begin PBXFileReference section */
		6CC5E5AD29A8D441000A612E /* OutletConnections.app */ = {isa = PBXFileReference; explicitFileType = wrapper.application; includeInIndex = 0; path = OutletConnections.app; sourceTree = BUILT_PRODUCTS_DIR; };
		6CC5E5B029A8D441000A612E /* AppDelegate.swift */ = {isa = PBXFileReference; lastKnownFileType = sourcecode.swift; path = AppDelegate.swift; sourceTree = "<group>"; };
		6CC5E5B229A8D441000A612E /* SceneDelegate.swift */ = {isa = PBXFileReference; lastKnownFileType = sourcecode.swift; path = SceneDelegate.swift; sourceTree = "<group>"; };
		6CC5E5B429A8D441000A612E /* ViewController.swift */ = {isa = PBXFileReference; lastKnownFileType = sourcecode.swift; path = ViewController.swift; sourceTree = "<group>"; };
		6CC5E5B729A8D441000A612E /* Base */ = {isa = PBXFileReference; lastKnownFileType = file.storyboard; name = Base; path = Base.lproj/Main.storyboard; sourceTree = "<group>"; };
		6CC5E5B929A8D444000A612E /* Assets.xcassets */ = {isa = PBXFileReference; lastKnownFileType = folder.assetcatalog; path = Assets.xcassets; sourceTree = "<group>"; };
		6CC5E5BC29A8D444000A612E /* Base */ = {isa = PBXFileReference; lastKnownFileType = file.storyboard; name = Base; path = Base.lproj/LaunchScreen.storyboard; sourceTree = "<group>"; };
		6CC5E5BE29A8D444000A612E /* Info.plist */ = {isa = PBXFileReference; lastKnownFileType = text.plist.xml; path = Info.plist; sourceTree = "<group>"; };
		6CC5E5C329A8D444000A612E /* OutletConnectionsTests.xctest */ = {isa = PBXFileReference; explicitFileType = wrapper.cfbundle; includeInIndex = 0; path = OutletConnectionsTests.xctest; sourceTree = BUILT_PRODUCTS_DIR; };
		6CC5E5C729A8D444000A612E /* OutletConnectionsViewControllerTests.swift */ = {isa = PBXFileReference; lastKnownFileType = sourcecode.swift; path = OutletConnectionsViewControllerTests.swift; sourceTree = "<group>"; };
		6CC5E5CD29A8D444000A612E /* OutletConnectionsUITests.xctest */ = {isa = PBXFileReference; explicitFileType = wrapper.cfbundle; includeInIndex = 0; path = OutletConnectionsUITests.xctest; sourceTree = BUILT_PRODUCTS_DIR; };
		6CC5E5D129A8D444000A612E /* OutletConnectionsUITests.swift */ = {isa = PBXFileReference; lastKnownFileType = sourcecode.swift; path = OutletConnectionsUITests.swift; sourceTree = "<group>"; };
		6CC5E5D329A8D444000A612E /* OutletConnectionsUITestsLaunchTests.swift */ = {isa = PBXFileReference; lastKnownFileType = sourcecode.swift; path = OutletConnectionsUITestsLaunchTests.swift; sourceTree = "<group>"; };
		6CC5E5E029A8D495000A612E /* OutletConnectionsViewController.swift */ = {isa = PBXFileReference; lastKnownFileType = sourcecode.swift; path = OutletConnectionsViewController.swift; sourceTree = "<group>"; };
		6CC5E5E129A8D495000A612E /* OutletConnectionsViewController.xib */ = {isa = PBXFileReference; lastKnownFileType = file.xib; path = OutletConnectionsViewController.xib; sourceTree = "<group>"; };
/* End PBXFileReference section */

/* Begin PBXFrameworksBuildPhase section */
		6CC5E5AA29A8D441000A612E /* Frameworks */ = {
			isa = PBXFrameworksBuildPhase;
			buildActionMask = 2147483647;
			files = (
			);
			runOnlyForDeploymentPostprocessing = 0;
		};
		6CC5E5C029A8D444000A612E /* Frameworks */ = {
			isa = PBXFrameworksBuildPhase;
			buildActionMask = 2147483647;
			files = (
			);
			runOnlyForDeploymentPostprocessing = 0;
		};
		6CC5E5CA29A8D444000A612E /* Frameworks */ = {
			isa = PBXFrameworksBuildPhase;
			buildActionMask = 2147483647;
			files = (
			);
			runOnlyForDeploymentPostprocessing = 0;
		};
/* End PBXFrameworksBuildPhase section */

/* Begin PBXGroup section */
		6CC5E5A429A8D441000A612E = {
			isa = PBXGroup;
			children = (
				6CC5E5AF29A8D441000A612E /* OutletConnections */,
				6CC5E5C629A8D444000A612E /* OutletConnectionsTests */,
				6CC5E5D029A8D444000A612E /* OutletConnectionsUITests */,
				6CC5E5AE29A8D441000A612E /* Products */,
			);
			sourceTree = "<group>";
		};
		6CC5E5AE29A8D441000A612E /* Products */ = {
			isa = PBXGroup;
			children = (
				6CC5E5AD29A8D441000A612E /* OutletConnections.app */,
				6CC5E5C329A8D444000A612E /* OutletConnectionsTests.xctest */,
				6CC5E5CD29A8D444000A612E /* OutletConnectionsUITests.xctest */,
			);
			name = Products;
			sourceTree = "<group>";
		};
		6CC5E5AF29A8D441000A612E /* OutletConnections */ = {
			isa = PBXGroup;
			children = (
				6CC5E5B029A8D441000A612E /* AppDelegate.swift */,
				6CC5E5B229A8D441000A612E /* SceneDelegate.swift */,
				6CC5E5B429A8D441000A612E /* ViewController.swift */,
				6CC5E5B629A8D441000A612E /* Main.storyboard */,
				6CC5E5B929A8D444000A612E /* Assets.xcassets */,
				6CC5E5BB29A8D444000A612E /* LaunchScreen.storyboard */,
				6CC5E5BE29A8D444000A612E /* Info.plist */,
				6CC5E5E029A8D495000A612E /* OutletConnectionsViewController.swift */,
				6CC5E5E129A8D495000A612E /* OutletConnectionsViewController.xib */,
			);
			path = OutletConnections;
			sourceTree = "<group>";
		};
		6CC5E5C629A8D444000A612E /* OutletConnectionsTests */ = {
			isa = PBXGroup;
			children = (
				6CC5E5C729A8D444000A612E /* OutletConnectionsViewControllerTests.swift */,
			);
			path = OutletConnectionsTests;
			sourceTree = "<group>";
		};
		6CC5E5D029A8D444000A612E /* OutletConnectionsUITests */ = {
			isa = PBXGroup;
			children = (
				6CC5E5D129A8D444000A612E /* OutletConnectionsUITests.swift */,
				6CC5E5D329A8D444000A612E /* OutletConnectionsUITestsLaunchTests.swift */,
			);
			path = OutletConnectionsUITests;
			sourceTree = "<group>";
		};
/* End PBXGroup section */

/* Begin PBXNativeTarget section */
		6CC5E5AC29A8D441000A612E /* OutletConnections */ = {
			isa = PBXNativeTarget;
			buildConfigurationList = 6CC5E5D729A8D444000A612E /* Build configuration list for PBXNativeTarget "OutletConnections" */;
			buildPhases = (
				6CC5E5A929A8D441000A612E /* Sources */,
				6CC5E5AA29A8D441000A612E /* Frameworks */,
				6CC5E5AB29A8D441000A612E /* Resources */,
			);
			buildRules = (
			);
			dependencies = (
			);
			name = OutletConnections;
			productName = OutletConnections;
			productReference = 6CC5E5AD29A8D441000A612E /* OutletConnections.app */;
			productType = "com.apple.product-type.application";
		};
		6CC5E5C229A8D444000A612E /* OutletConnectionsTests */ = {
			isa = PBXNativeTarget;
			buildConfigurationList = 6CC5E5DA29A8D444000A612E /* Build configuration list for PBXNativeTarget "OutletConnectionsTests" */;
			buildPhases = (
				6CC5E5BF29A8D444000A612E /* Sources */,
				6CC5E5C029A8D444000A612E /* Frameworks */,
				6CC5E5C129A8D444000A612E /* Resources */,
			);
			buildRules = (
			);
			dependencies = (
				6CC5E5C529A8D444000A612E /* PBXTargetDependency */,
			);
			name = OutletConnectionsTests;
			productName = OutletConnectionsTests;
			productReference = 6CC5E5C329A8D444000A612E /* OutletConnectionsTests.xctest */;
			productType = "com.apple.product-type.bundle.unit-test";
		};
		6CC5E5CC29A8D444000A612E /* OutletConnectionsUITests */ = {
			isa = PBXNativeTarget;
			buildConfigurationList = 6CC5E5DD29A8D444000A612E /* Build configuration list for PBXNativeTarget "OutletConnectionsUITests" */;
			buildPhases = (
				6CC5E5C929A8D444000A612E /* Sources */,
				6CC5E5CA29A8D444000A612E /* Frameworks */,
				6CC5E5CB29A8D444000A612E /* Resources */,
			);
			buildRules = (
			);
			dependencies = (
				6CC5E5CF29A8D444000A612E /* PBXTargetDependency */,
			);
			name = OutletConnectionsUITests;
			productName = OutletConnectionsUITests;
			productReference = 6CC5E5CD29A8D444000A612E /* OutletConnectionsUITests.xctest */;
			productType = "com.apple.product-type.bundle.ui-testing";
		};
/* End PBXNativeTarget section */

/* Begin PBXProject section */
		6CC5E5A529A8D441000A612E /* Project object */ = {
			isa = PBXProject;
			attributes = {
				BuildIndependentTargetsInParallel = 1;
				LastSwiftUpdateCheck = 1420;
				LastUpgradeCheck = 1420;
				TargetAttributes = {
					6CC5E5AC29A8D441000A612E = {
						CreatedOnToolsVersion = 14.2;
					};
					6CC5E5C229A8D444000A612E = {
						CreatedOnToolsVersion = 14.2;
						TestTargetID = 6CC5E5AC29A8D441000A612E;
					};
					6CC5E5CC29A8D444000A612E = {
						CreatedOnToolsVersion = 14.2;
						TestTargetID = 6CC5E5AC29A8D441000A612E;
					};
				};
			};
			buildConfigurationList = 6CC5E5A829A8D441000A612E /* Build configuration list for PBXProject "OutletConnections" */;
			compatibilityVersion = "Xcode 14.0";
			developmentRegion = en;
			hasScannedForEncodings = 0;
			knownRegions = (
				en,
				Base,
			);
			mainGroup = 6CC5E5A429A8D441000A612E;
			productRefGroup = 6CC5E5AE29A8D441000A612E /* Products */;
			projectDirPath = "";
			projectRoot = "";
			targets = (
				6CC5E5AC29A8D441000A612E /* OutletConnections */,
				6CC5E5C229A8D444000A612E /* OutletConnectionsTests */,
				6CC5E5CC29A8D444000A612E /* OutletConnectionsUITests */,
			);
		};
/* End PBXProject section */

/* Begin PBXResourcesBuildPhase section */
		6CC5E5AB29A8D441000A612E /* Resources */ = {
			isa = PBXResourcesBuildPhase;
			buildActionMask = 2147483647;
			files = (
				6CC5E5BD29A8D444000A612E /* LaunchScreen.storyboard in Resources */,
				6CC5E5BA29A8D444000A612E /* Assets.xcassets in Resources */,
				6CC5E5B829A8D441000A612E /* Main.storyboard in Resources */,
				6CC5E5E329A8D495000A612E /* OutletConnectionsViewController.xib in Resources */,
			);
			runOnlyForDeploymentPostprocessing = 0;
		};
		6CC5E5C129A8D444000A612E /* Resources */ = {
			isa = PBXResourcesBuildPhase;
			buildActionMask = 2147483647;
			files = (
			);
			runOnlyForDeploymentPostprocessing = 0;
		};
		6CC5E5CB29A8D444000A612E /* Resources */ = {
			isa = PBXResourcesBuildPhase;
			buildActionMask = 2147483647;
			files = (
			);
			runOnlyForDeploymentPostprocessing = 0;
		};
/* End PBXResourcesBuildPhase section */

/* Begin PBXSourcesBuildPhase section */
		6CC5E5A929A8D441000A612E /* Sources */ = {
			isa = PBXSourcesBuildPhase;
			buildActionMask = 2147483647;
			files = (
				6CC5E5B529A8D441000A612E /* ViewController.swift in Sources */,
				6CC5E5B129A8D441000A612E /* AppDelegate.swift in Sources */,
				6CC5E5B329A8D441000A612E /* SceneDelegate.swift in Sources */,
				6CC5E5E229A8D495000A612E /* OutletConnectionsViewController.swift in Sources */,
			);
			runOnlyForDeploymentPostprocessing = 0;
		};
		6CC5E5BF29A8D444000A612E /* Sources */ = {
			isa = PBXSourcesBuildPhase;
			buildActionMask = 2147483647;
			files = (
				6CC5E5C829A8D444000A612E /* OutletConnectionsViewControllerTests.swift in Sources */,
			);
			runOnlyForDeploymentPostprocessing = 0;
		};
		6CC5E5C929A8D444000A612E /* Sources */ = {
			isa = PBXSourcesBuildPhase;
			buildActionMask = 2147483647;
			files = (
				6CC5E5D229A8D444000A612E /* OutletConnectionsUITests.swift in Sources */,
				6CC5E5D429A8D444000A612E /* OutletConnectionsUITestsLaunchTests.swift in Sources */,
			);
			runOnlyForDeploymentPostprocessing = 0;
		};
/* End PBXSourcesBuildPhase section */

/* Begin PBXTargetDependency section */
		6CC5E5C529A8D444000A612E /* PBXTargetDependency */ = {
			isa = PBXTargetDependency;
			target = 6CC5E5AC29A8D441000A612E /* OutletConnections */;
			targetProxy = 6CC5E5C429A8D444000A612E /* PBXContainerItemProxy */;
		};
		6CC5E5CF29A8D444000A612E /* PBXTargetDependency */ = {
			isa = PBXTargetDependency;
			target = 6CC5E5AC29A8D441000A612E /* OutletConnections */;
			targetProxy = 6CC5E5CE29A8D444000A612E /* PBXContainerItemProxy */;
		};
/* End PBXTargetDependency section */

/* Begin PBXVariantGroup section */
		6CC5E5B629A8D441000A612E /* Main.storyboard */ = {
			isa = PBXVariantGroup;
			children = (
				6CC5E5B729A8D441000A612E /* Base */,
			);
			name = Main.storyboard;
			sourceTree = "<group>";
		};
		6CC5E5BB29A8D444000A612E /* LaunchScreen.storyboard */ = {
			isa = PBXVariantGroup;
			children = (
				6CC5E5BC29A8D444000A612E /* Base */,
			);
			name = LaunchScreen.storyboard;
			sourceTree = "<group>";
		};
/* End PBXVariantGroup section */

/* Begin XCBuildConfiguration section */
		6CC5E5D529A8D444000A612E /* Debug */ = {
			isa = XCBuildConfiguration;
			buildSettings = {
				ALWAYS_SEARCH_USER_PATHS = NO;
				CLANG_ANALYZER_NONNULL = YES;
				CLANG_ANALYZER_NUMBER_OBJECT_CONVERSION = YES_AGGRESSIVE;
				CLANG_CXX_LANGUAGE_STANDARD = "gnu++20";
				CLANG_ENABLE_MODULES = YES;
				CLANG_ENABLE_OBJC_ARC = YES;
				CLANG_ENABLE_OBJC_WEAK = YES;
				CLANG_WARN_BLOCK_CAPTURE_AUTORELEASING = YES;
				CLANG_WARN_BOOL_CONVERSION = YES;
				CLANG_WARN_COMMA = YES;
				CLANG_WARN_CONSTANT_CONVERSION = YES;
				CLANG_WARN_DEPRECATED_OBJC_IMPLEMENTATIONS = YES;
				CLANG_WARN_DIRECT_OBJC_ISA_USAGE = YES_ERROR;
				CLANG_WARN_DOCUMENTATION_COMMENTS = YES;
				CLANG_WARN_EMPTY_BODY = YES;
				CLANG_WARN_ENUM_CONVERSION = YES;
				CLANG_WARN_INFINITE_RECURSION = YES;
				CLANG_WARN_INT_CONVERSION = YES;
				CLANG_WARN_NON_LITERAL_NULL_CONVERSION = YES;
				CLANG_WARN_OBJC_IMPLICIT_RETAIN_SELF = YES;
				CLANG_WARN_OBJC_LITERAL_CONVERSION = YES;
				CLANG_WARN_OBJC_ROOT_CLASS = YES_ERROR;
				CLANG_WARN_QUOTED_INCLUDE_IN_FRAMEWORK_HEADER = YES;
				CLANG_WARN_RANGE_LOOP_ANALYSIS = YES;
				CLANG_WARN_STRICT_PROTOTYPES = YES;
				CLANG_WARN_SUSPICIOUS_MOVE = YES;
				CLANG_WARN_UNGUARDED_AVAILABILITY = YES_AGGRESSIVE;
				CLANG_WARN_UNREACHABLE_CODE = YES;
				CLANG_WARN__DUPLICATE_METHOD_MATCH = YES;
				COPY_PHASE_STRIP = NO;
				DEBUG_INFORMATION_FORMAT = dwarf;
				ENABLE_STRICT_OBJC_MSGSEND = YES;
				ENABLE_TESTABILITY = YES;
				GCC_C_LANGUAGE_STANDARD = gnu11;
				GCC_DYNAMIC_NO_PIC = NO;
				GCC_NO_COMMON_BLOCKS = YES;
				GCC_OPTIMIZATION_LEVEL = 0;
				GCC_PREPROCESSOR_DEFINITIONS = (
					"DEBUG=1",
					"$(inherited)",
				);
				GCC_WARN_64_TO_32_BIT_CONVERSION = YES;
				GCC_WARN_ABOUT_RETURN_TYPE = YES_ERROR;
				GCC_WARN_UNDECLARED_SELECTOR = YES;
				GCC_WARN_UNINITIALIZED_AUTOS = YES_AGGRESSIVE;
				GCC_WARN_UNUSED_FUNCTION = YES;
				GCC_WARN_UNUSED_VARIABLE = YES;
				IPHONEOS_DEPLOYMENT_TARGET = 16.2;
				MTL_ENABLE_DEBUG_INFO = INCLUDE_SOURCE;
				MTL_FAST_MATH = YES;
				ONLY_ACTIVE_ARCH = YES;
				SDKROOT = iphoneos;
				SWIFT_ACTIVE_COMPILATION_CONDITIONS = DEBUG;
				SWIFT_OPTIMIZATION_LEVEL = "-Onone";
			};
			name = Debug;
		};
		6CC5E5D629A8D444000A612E /* Release */ = {
			isa = XCBuildConfiguration;
			buildSettings = {
				ALWAYS_SEARCH_USER_PATHS = NO;
				CLANG_ANALYZER_NONNULL = YES;
				CLANG_ANALYZER_NUMBER_OBJECT_CONVERSION = YES_AGGRESSIVE;
				CLANG_CXX_LANGUAGE_STANDARD = "gnu++20";
				CLANG_ENABLE_MODULES = YES;
				CLANG_ENABLE_OBJC_ARC = YES;
				CLANG_ENABLE_OBJC_WEAK = YES;
				CLANG_WARN_BLOCK_CAPTURE_AUTORELEASING = YES;
				CLANG_WARN_BOOL_CONVERSION = YES;
				CLANG_WARN_COMMA = YES;
				CLANG_WARN_CONSTANT_CONVERSION = YES;
				CLANG_WARN_DEPRECATED_OBJC_IMPLEMENTATIONS = YES;
				CLANG_WARN_DIRECT_OBJC_ISA_USAGE = YES_ERROR;
				CLANG_WARN_DOCUMENTATION_COMMENTS = YES;
				CLANG_WARN_EMPTY_BODY = YES;
				CLANG_WARN_ENUM_CONVERSION = YES;
				CLANG_WARN_INFINITE_RECURSION = YES;
				CLANG_WARN_INT_CONVERSION = YES;
				CLANG_WARN_NON_LITERAL_NULL_CONVERSION = YES;
				CLANG_WARN_OBJC_IMPLICIT_RETAIN_SELF = YES;
				CLANG_WARN_OBJC_LITERAL_CONVERSION = YES;
				CLANG_WARN_OBJC_ROOT_CLASS = YES_ERROR;
				CLANG_WARN_QUOTED_INCLUDE_IN_FRAMEWORK_HEADER = YES;
				CLANG_WARN_RANGE_LOOP_ANALYSIS = YES;
				CLANG_WARN_STRICT_PROTOTYPES = YES;
				CLANG_WARN_SUSPICIOUS_MOVE = YES;
				CLANG_WARN_UNGUARDED_AVAILABILITY = YES_AGGRESSIVE;
				CLANG_WARN_UNREACHABLE_CODE = YES;
				CLANG_WARN__DUPLICATE_METHOD_MATCH = YES;
				COPY_PHASE_STRIP = NO;
				DEBUG_INFORMATION_FORMAT = "dwarf-with-dsym";
				ENABLE_NS_ASSERTIONS = NO;
				ENABLE_STRICT_OBJC_MSGSEND = YES;
				GCC_C_LANGUAGE_STANDARD = gnu11;
				GCC_NO_COMMON_BLOCKS = YES;
				GCC_WARN_64_TO_32_BIT_CONVERSION = YES;
				GCC_WARN_ABOUT_RETURN_TYPE = YES_ERROR;
				GCC_WARN_UNDECLARED_SELECTOR = YES;
				GCC_WARN_UNINITIALIZED_AUTOS = YES_AGGRESSIVE;
				GCC_WARN_UNUSED_FUNCTION = YES;
				GCC_WARN_UNUSED_VARIABLE = YES;
				IPHONEOS_DEPLOYMENT_TARGET = 16.2;
				MTL_ENABLE_DEBUG_INFO = NO;
				MTL_FAST_MATH = YES;
				SDKROOT = iphoneos;
				SWIFT_COMPILATION_MODE = wholemodule;
				SWIFT_OPTIMIZATION_LEVEL = "-O";
				VALIDATE_PRODUCT = YES;
			};
			name = Release;
		};
		6CC5E5D829A8D444000A612E /* Debug */ = {
			isa = XCBuildConfiguration;
			buildSettings = {
				ASSETCATALOG_COMPILER_APPICON_NAME = AppIcon;
				ASSETCATALOG_COMPILER_GLOBAL_ACCENT_COLOR_NAME = AccentColor;
				CODE_SIGN_STYLE = Automatic;
				CURRENT_PROJECT_VERSION = 1;
				DEVELOPMENT_TEAM = SH7598WJ8A;
				GENERATE_INFOPLIST_FILE = YES;
				INFOPLIST_FILE = OutletConnections/Info.plist;
				INFOPLIST_KEY_UIApplicationSupportsIndirectInputEvents = YES;
				INFOPLIST_KEY_UILaunchStoryboardName = LaunchScreen;
				INFOPLIST_KEY_UIMainStoryboardFile = Main;
				INFOPLIST_KEY_UISupportedInterfaceOrientations_iPad = "UIInterfaceOrientationPortrait UIInterfaceOrientationPortraitUpsideDown UIInterfaceOrientationLandscapeLeft UIInterfaceOrientationLandscapeRight";
				INFOPLIST_KEY_UISupportedInterfaceOrientations_iPhone = "UIInterfaceOrientationPortrait UIInterfaceOrientationLandscapeLeft UIInterfaceOrientationLandscapeRight";
				LD_RUNPATH_SEARCH_PATHS = (
					"$(inherited)",
					"@executable_path/Frameworks",
				);
				MARKETING_VERSION = 1.0;
				PRODUCT_BUNDLE_IDENTIFIER = com.bobbert.OutletConnections;
				PRODUCT_NAME = "$(TARGET_NAME)";
				SWIFT_EMIT_LOC_STRINGS = YES;
				SWIFT_VERSION = 5.0;
				TARGETED_DEVICE_FAMILY = "1,2";
			};
			name = Debug;
		};
		6CC5E5D929A8D444000A612E /* Release */ = {
			isa = XCBuildConfiguration;
			buildSettings = {
				ASSETCATALOG_COMPILER_APPICON_NAME = AppIcon;
				ASSETCATALOG_COMPILER_GLOBAL_ACCENT_COLOR_NAME = AccentColor;
				CODE_SIGN_STYLE = Automatic;
				CURRENT_PROJECT_VERSION = 1;
				DEVELOPMENT_TEAM = SH7598WJ8A;
				GENERATE_INFOPLIST_FILE = YES;
				INFOPLIST_FILE = OutletConnections/Info.plist;
				INFOPLIST_KEY_UIApplicationSupportsIndirectInputEvents = YES;
				INFOPLIST_KEY_UILaunchStoryboardName = LaunchScreen;
				INFOPLIST_KEY_UIMainStoryboardFile = Main;
				INFOPLIST_KEY_UISupportedInterfaceOrientations_iPad = "UIInterfaceOrientationPortrait UIInterfaceOrientationPortraitUpsideDown UIInterfaceOrientationLandscapeLeft UIInterfaceOrientationLandscapeRight";
				INFOPLIST_KEY_UISupportedInterfaceOrientations_iPhone = "UIInterfaceOrientationPortrait UIInterfaceOrientationLandscapeLeft UIInterfaceOrientationLandscapeRight";
				LD_RUNPATH_SEARCH_PATHS = (
					"$(inherited)",
					"@executable_path/Frameworks",
				);
				MARKETING_VERSION = 1.0;
				PRODUCT_BUNDLE_IDENTIFIER = com.bobbert.OutletConnections;
				PRODUCT_NAME = "$(TARGET_NAME)";
				SWIFT_EMIT_LOC_STRINGS = YES;
				SWIFT_VERSION = 5.0;
				TARGETED_DEVICE_FAMILY = "1,2";
			};
			name = Release;
		};
		6CC5E5DB29A8D444000A612E /* Debug */ = {
			isa = XCBuildConfiguration;
			buildSettings = {
				ALWAYS_EMBED_SWIFT_STANDARD_LIBRARIES = YES;
				BUNDLE_LOADER = "$(TEST_HOST)";
				CODE_SIGN_STYLE = Automatic;
				CURRENT_PROJECT_VERSION = 1;
				DEVELOPMENT_TEAM = SH7598WJ8A;
				GENERATE_INFOPLIST_FILE = YES;
				IPHONEOS_DEPLOYMENT_TARGET = 16.2;
				MARKETING_VERSION = 1.0;
				PRODUCT_BUNDLE_IDENTIFIER = com.bobbert.OutletConnectionsTests;
				PRODUCT_NAME = "$(TARGET_NAME)";
				SWIFT_EMIT_LOC_STRINGS = NO;
				SWIFT_VERSION = 5.0;
				TARGETED_DEVICE_FAMILY = "1,2";
				TEST_HOST = "$(BUILT_PRODUCTS_DIR)/OutletConnections.app/$(BUNDLE_EXECUTABLE_FOLDER_PATH)/OutletConnections";
			};
			name = Debug;
		};
		6CC5E5DC29A8D444000A612E /* Release */ = {
			isa = XCBuildConfiguration;
			buildSettings = {
				ALWAYS_EMBED_SWIFT_STANDARD_LIBRARIES = YES;
				BUNDLE_LOADER = "$(TEST_HOST)";
				CODE_SIGN_STYLE = Automatic;
				CURRENT_PROJECT_VERSION = 1;
				DEVELOPMENT_TEAM = SH7598WJ8A;
				GENERATE_INFOPLIST_FILE = YES;
				IPHONEOS_DEPLOYMENT_TARGET = 16.2;
				MARKETING_VERSION = 1.0;
				PRODUCT_BUNDLE_IDENTIFIER = com.bobbert.OutletConnectionsTests;
				PRODUCT_NAME = "$(TARGET_NAME)";
				SWIFT_EMIT_LOC_STRINGS = NO;
				SWIFT_VERSION = 5.0;
				TARGETED_DEVICE_FAMILY = "1,2";
				TEST_HOST = "$(BUILT_PRODUCTS_DIR)/OutletConnections.app/$(BUNDLE_EXECUTABLE_FOLDER_PATH)/OutletConnections";
			};
			name = Release;
		};
		6CC5E5DE29A8D444000A612E /* Debug */ = {
			isa = XCBuildConfiguration;
			buildSettings = {
				ALWAYS_EMBED_SWIFT_STANDARD_LIBRARIES = YES;
				CODE_SIGN_STYLE = Automatic;
				CURRENT_PROJECT_VERSION = 1;
				DEVELOPMENT_TEAM = SH7598WJ8A;
				GENERATE_INFOPLIST_FILE = YES;
				MARKETING_VERSION = 1.0;
				PRODUCT_BUNDLE_IDENTIFIER = com.bobbert.OutletConnectionsUITests;
				PRODUCT_NAME = "$(TARGET_NAME)";
				SWIFT_EMIT_LOC_STRINGS = NO;
				SWIFT_VERSION = 5.0;
				TARGETED_DEVICE_FAMILY = "1,2";
				TEST_TARGET_NAME = OutletConnections;
			};
			name = Debug;
		};
		6CC5E5DF29A8D444000A612E /* Release */ = {
			isa = XCBuildConfiguration;
			buildSettings = {
				ALWAYS_EMBED_SWIFT_STANDARD_LIBRARIES = YES;
				CODE_SIGN_STYLE = Automatic;
				CURRENT_PROJECT_VERSION = 1;
				DEVELOPMENT_TEAM = SH7598WJ8A;
				GENERATE_INFOPLIST_FILE = YES;
				MARKETING_VERSION = 1.0;
				PRODUCT_BUNDLE_IDENTIFIER = com.bobbert.OutletConnectionsUITests;
				PRODUCT_NAME = "$(TARGET_NAME)";
				SWIFT_EMIT_LOC_STRINGS = NO;
				SWIFT_VERSION = 5.0;
				TARGETED_DEVICE_FAMILY = "1,2";
				TEST_TARGET_NAME = OutletConnections;
			};
			name = Release;
		};
/* End XCBuildConfiguration section */

/* Begin XCConfigurationList section */
		6CC5E5A829A8D441000A612E /* Build configuration list for PBXProject "OutletConnections" */ = {
			isa = XCConfigurationList;
			buildConfigurations = (
				6CC5E5D529A8D444000A612E /* Debug */,
				6CC5E5D629A8D444000A612E /* Release */,
			);
			defaultConfigurationIsVisible = 0;
			defaultConfigurationName = Release;
		};
		6CC5E5D729A8D444000A612E /* Build configuration list for PBXNativeTarget "OutletConnections" */ = {
			isa = XCConfigurationList;
			buildConfigurations = (
				6CC5E5D829A8D444000A612E /* Debug */,
				6CC5E5D929A8D444000A612E /* Release */,
			);
			defaultConfigurationIsVisible = 0;
			defaultConfigurationName = Release;
		};
		6CC5E5DA29A8D444000A612E /* Build configuration list for PBXNativeTarget "OutletConnectionsTests" */ = {
			isa = XCConfigurationList;
			buildConfigurations = (
				6CC5E5DB29A8D444000A612E /* Debug */,
				6CC5E5DC29A8D444000A612E /* Release */,
			);
			defaultConfigurationIsVisible = 0;
			defaultConfigurationName = Release;
		};
		6CC5E5DD29A8D444000A612E /* Build configuration list for PBXNativeTarget "OutletConnectionsUITests" */ = {
			isa = XCConfigurationList;
			buildConfigurations = (
				6CC5E5DE29A8D444000A612E /* Debug */,
				6CC5E5DF29A8D444000A612E /* Release */,
			);
			defaultConfigurationIsVisible = 0;
			defaultConfigurationName = Release;
		};
/* End XCConfigurationList section */
	};
	rootObject = 6CC5E5A529A8D441000A612E /* Project object */;
}
