// !$*UTF8*$!
{
	archiveVersion = 1;
	classes = {
	};
	objectVersion = 56;
	objects = {

/* Begin PBXBuildFile section */
		6C7DF7A729BB5ED60036501F /* AppDelegate.swift in Sources */ = {isa = PBXBuildFile; fileRef = 6C7DF7A629BB5ED60036501F /* AppDelegate.swift */; };
		6C7DF7A929BB5ED60036501F /* SceneDelegate.swift in Sources */ = {isa = PBXBuildFile; fileRef = 6C7DF7A829BB5ED60036501F /* SceneDelegate.swift */; };
		6C7DF7AB29BB5ED60036501F /* ViewController.swift in Sources */ = {isa = PBXBuildFile; fileRef = 6C7DF7AA29BB5ED60036501F /* ViewController.swift */; };
		6C7DF7AE29BB5ED60036501F /* Main.storyboard in Resources */ = {isa = PBXBuildFile; fileRef = 6C7DF7AC29BB5ED60036501F /* Main.storyboard */; };
		6C7DF7B029BB5ED90036501F /* Assets.xcassets in Resources */ = {isa = PBXBuildFile; fileRef = 6C7DF7AF29BB5ED90036501F /* Assets.xcassets */; };
		6C7DF7B329BB5ED90036501F /* LaunchScreen.storyboard in Resources */ = {isa = PBXBuildFile; fileRef = 6C7DF7B129BB5ED90036501F /* LaunchScreen.storyboard */; };
		6C7DF7BE29BB5ED90036501F /* NetworkResponseTests.swift in Sources */ = {isa = PBXBuildFile; fileRef = 6C7DF7BD29BB5ED90036501F /* NetworkResponseTests.swift */; };
		6C7DF7C829BB5ED90036501F /* NetworkResponseUITests.swift in Sources */ = {isa = PBXBuildFile; fileRef = 6C7DF7C729BB5ED90036501F /* NetworkResponseUITests.swift */; };
		6C7DF7CA29BB5ED90036501F /* NetworkResponseUITestsLaunchTests.swift in Sources */ = {isa = PBXBuildFile; fileRef = 6C7DF7C929BB5ED90036501F /* NetworkResponseUITestsLaunchTests.swift */; };
/* End PBXBuildFile section */

/* Begin PBXContainerItemProxy section */
		6C7DF7BA29BB5ED90036501F /* PBXContainerItemProxy */ = {
			isa = PBXContainerItemProxy;
			containerPortal = 6C7DF79B29BB5ED60036501F /* Project object */;
			proxyType = 1;
			remoteGlobalIDString = 6C7DF7A229BB5ED60036501F;
			remoteInfo = NetworkResponse;
		};
		6C7DF7C429BB5ED90036501F /* PBXContainerItemProxy */ = {
			isa = PBXContainerItemProxy;
			containerPortal = 6C7DF79B29BB5ED60036501F /* Project object */;
			proxyType = 1;
			remoteGlobalIDString = 6C7DF7A229BB5ED60036501F;
			remoteInfo = NetworkResponse;
		};
/* End PBXContainerItemProxy section */

/* Begin PBXFileReference section */
		6C7DF7A329BB5ED60036501F /* NetworkResponse.app */ = {isa = PBXFileReference; explicitFileType = wrapper.application; includeInIndex = 0; path = NetworkResponse.app; sourceTree = BUILT_PRODUCTS_DIR; };
		6C7DF7A629BB5ED60036501F /* AppDelegate.swift */ = {isa = PBXFileReference; lastKnownFileType = sourcecode.swift; path = AppDelegate.swift; sourceTree = "<group>"; };
		6C7DF7A829BB5ED60036501F /* SceneDelegate.swift */ = {isa = PBXFileReference; lastKnownFileType = sourcecode.swift; path = SceneDelegate.swift; sourceTree = "<group>"; };
		6C7DF7AA29BB5ED60036501F /* ViewController.swift */ = {isa = PBXFileReference; lastKnownFileType = sourcecode.swift; path = ViewController.swift; sourceTree = "<group>"; };
		6C7DF7AD29BB5ED60036501F /* Base */ = {isa = PBXFileReference; lastKnownFileType = file.storyboard; name = Base; path = Base.lproj/Main.storyboard; sourceTree = "<group>"; };
		6C7DF7AF29BB5ED90036501F /* Assets.xcassets */ = {isa = PBXFileReference; lastKnownFileType = folder.assetcatalog; path = Assets.xcassets; sourceTree = "<group>"; };
		6C7DF7B229BB5ED90036501F /* Base */ = {isa = PBXFileReference; lastKnownFileType = file.storyboard; name = Base; path = Base.lproj/LaunchScreen.storyboard; sourceTree = "<group>"; };
		6C7DF7B429BB5ED90036501F /* Info.plist */ = {isa = PBXFileReference; lastKnownFileType = text.plist.xml; path = Info.plist; sourceTree = "<group>"; };
		6C7DF7B929BB5ED90036501F /* NetworkResponseTests.xctest */ = {isa = PBXFileReference; explicitFileType = wrapper.cfbundle; includeInIndex = 0; path = NetworkResponseTests.xctest; sourceTree = BUILT_PRODUCTS_DIR; };
		6C7DF7BD29BB5ED90036501F /* NetworkResponseTests.swift */ = {isa = PBXFileReference; lastKnownFileType = sourcecode.swift; path = NetworkResponseTests.swift; sourceTree = "<group>"; };
		6C7DF7C329BB5ED90036501F /* NetworkResponseUITests.xctest */ = {isa = PBXFileReference; explicitFileType = wrapper.cfbundle; includeInIndex = 0; path = NetworkResponseUITests.xctest; sourceTree = BUILT_PRODUCTS_DIR; };
		6C7DF7C729BB5ED90036501F /* NetworkResponseUITests.swift */ = {isa = PBXFileReference; lastKnownFileType = sourcecode.swift; path = NetworkResponseUITests.swift; sourceTree = "<group>"; };
		6C7DF7C929BB5ED90036501F /* NetworkResponseUITestsLaunchTests.swift */ = {isa = PBXFileReference; lastKnownFileType = sourcecode.swift; path = NetworkResponseUITestsLaunchTests.swift; sourceTree = "<group>"; };
/* End PBXFileReference section */

/* Begin PBXFrameworksBuildPhase section */
		6C7DF7A029BB5ED60036501F /* Frameworks */ = {
			isa = PBXFrameworksBuildPhase;
			buildActionMask = 2147483647;
			files = (
			);
			runOnlyForDeploymentPostprocessing = 0;
		};
		6C7DF7B629BB5ED90036501F /* Frameworks */ = {
			isa = PBXFrameworksBuildPhase;
			buildActionMask = 2147483647;
			files = (
			);
			runOnlyForDeploymentPostprocessing = 0;
		};
		6C7DF7C029BB5ED90036501F /* Frameworks */ = {
			isa = PBXFrameworksBuildPhase;
			buildActionMask = 2147483647;
			files = (
			);
			runOnlyForDeploymentPostprocessing = 0;
		};
/* End PBXFrameworksBuildPhase section */

/* Begin PBXGroup section */
		6C7DF79A29BB5ED60036501F = {
			isa = PBXGroup;
			children = (
				6C7DF7A529BB5ED60036501F /* NetworkResponse */,
				6C7DF7BC29BB5ED90036501F /* NetworkResponseTests */,
				6C7DF7C629BB5ED90036501F /* NetworkResponseUITests */,
				6C7DF7A429BB5ED60036501F /* Products */,
			);
			sourceTree = "<group>";
		};
		6C7DF7A429BB5ED60036501F /* Products */ = {
			isa = PBXGroup;
			children = (
				6C7DF7A329BB5ED60036501F /* NetworkResponse.app */,
				6C7DF7B929BB5ED90036501F /* NetworkResponseTests.xctest */,
				6C7DF7C329BB5ED90036501F /* NetworkResponseUITests.xctest */,
			);
			name = Products;
			sourceTree = "<group>";
		};
		6C7DF7A529BB5ED60036501F /* NetworkResponse */ = {
			isa = PBXGroup;
			children = (
				6C7DF7A629BB5ED60036501F /* AppDelegate.swift */,
				6C7DF7A829BB5ED60036501F /* SceneDelegate.swift */,
				6C7DF7AA29BB5ED60036501F /* ViewController.swift */,
				6C7DF7AC29BB5ED60036501F /* Main.storyboard */,
				6C7DF7AF29BB5ED90036501F /* Assets.xcassets */,
				6C7DF7B129BB5ED90036501F /* LaunchScreen.storyboard */,
				6C7DF7B429BB5ED90036501F /* Info.plist */,
			);
			path = NetworkResponse;
			sourceTree = "<group>";
		};
		6C7DF7BC29BB5ED90036501F /* NetworkResponseTests */ = {
			isa = PBXGroup;
			children = (
				6C7DF7BD29BB5ED90036501F /* NetworkResponseTests.swift */,
			);
			path = NetworkResponseTests;
			sourceTree = "<group>";
		};
		6C7DF7C629BB5ED90036501F /* NetworkResponseUITests */ = {
			isa = PBXGroup;
			children = (
				6C7DF7C729BB5ED90036501F /* NetworkResponseUITests.swift */,
				6C7DF7C929BB5ED90036501F /* NetworkResponseUITestsLaunchTests.swift */,
			);
			path = NetworkResponseUITests;
			sourceTree = "<group>";
		};
/* End PBXGroup section */

/* Begin PBXNativeTarget section */
		6C7DF7A229BB5ED60036501F /* NetworkResponse */ = {
			isa = PBXNativeTarget;
			buildConfigurationList = 6C7DF7CD29BB5ED90036501F /* Build configuration list for PBXNativeTarget "NetworkResponse" */;
			buildPhases = (
				6C7DF79F29BB5ED60036501F /* Sources */,
				6C7DF7A029BB5ED60036501F /* Frameworks */,
				6C7DF7A129BB5ED60036501F /* Resources */,
			);
			buildRules = (
			);
			dependencies = (
			);
			name = NetworkResponse;
			productName = NetworkResponse;
			productReference = 6C7DF7A329BB5ED60036501F /* NetworkResponse.app */;
			productType = "com.apple.product-type.application";
		};
		6C7DF7B829BB5ED90036501F /* NetworkResponseTests */ = {
			isa = PBXNativeTarget;
			buildConfigurationList = 6C7DF7D029BB5ED90036501F /* Build configuration list for PBXNativeTarget "NetworkResponseTests" */;
			buildPhases = (
				6C7DF7B529BB5ED90036501F /* Sources */,
				6C7DF7B629BB5ED90036501F /* Frameworks */,
				6C7DF7B729BB5ED90036501F /* Resources */,
			);
			buildRules = (
			);
			dependencies = (
				6C7DF7BB29BB5ED90036501F /* PBXTargetDependency */,
			);
			name = NetworkResponseTests;
			productName = NetworkResponseTests;
			productReference = 6C7DF7B929BB5ED90036501F /* NetworkResponseTests.xctest */;
			productType = "com.apple.product-type.bundle.unit-test";
		};
		6C7DF7C229BB5ED90036501F /* NetworkResponseUITests */ = {
			isa = PBXNativeTarget;
			buildConfigurationList = 6C7DF7D329BB5ED90036501F /* Build configuration list for PBXNativeTarget "NetworkResponseUITests" */;
			buildPhases = (
				6C7DF7BF29BB5ED90036501F /* Sources */,
				6C7DF7C029BB5ED90036501F /* Frameworks */,
				6C7DF7C129BB5ED90036501F /* Resources */,
			);
			buildRules = (
			);
			dependencies = (
				6C7DF7C529BB5ED90036501F /* PBXTargetDependency */,
			);
			name = NetworkResponseUITests;
			productName = NetworkResponseUITests;
			productReference = 6C7DF7C329BB5ED90036501F /* NetworkResponseUITests.xctest */;
			productType = "com.apple.product-type.bundle.ui-testing";
		};
/* End PBXNativeTarget section */

/* Begin PBXProject section */
		6C7DF79B29BB5ED60036501F /* Project object */ = {
			isa = PBXProject;
			attributes = {
				BuildIndependentTargetsInParallel = 1;
				LastSwiftUpdateCheck = 1420;
				LastUpgradeCheck = 1420;
				TargetAttributes = {
					6C7DF7A229BB5ED60036501F = {
						CreatedOnToolsVersion = 14.2;
					};
					6C7DF7B829BB5ED90036501F = {
						CreatedOnToolsVersion = 14.2;
						TestTargetID = 6C7DF7A229BB5ED60036501F;
					};
					6C7DF7C229BB5ED90036501F = {
						CreatedOnToolsVersion = 14.2;
						TestTargetID = 6C7DF7A229BB5ED60036501F;
					};
				};
			};
			buildConfigurationList = 6C7DF79E29BB5ED60036501F /* Build configuration list for PBXProject "NetworkResponse" */;
			compatibilityVersion = "Xcode 14.0";
			developmentRegion = en;
			hasScannedForEncodings = 0;
			knownRegions = (
				en,
				Base,
			);
			mainGroup = 6C7DF79A29BB5ED60036501F;
			productRefGroup = 6C7DF7A429BB5ED60036501F /* Products */;
			projectDirPath = "";
			projectRoot = "";
			targets = (
				6C7DF7A229BB5ED60036501F /* NetworkResponse */,
				6C7DF7B829BB5ED90036501F /* NetworkResponseTests */,
				6C7DF7C229BB5ED90036501F /* NetworkResponseUITests */,
			);
		};
/* End PBXProject section */

/* Begin PBXResourcesBuildPhase section */
		6C7DF7A129BB5ED60036501F /* Resources */ = {
			isa = PBXResourcesBuildPhase;
			buildActionMask = 2147483647;
			files = (
				6C7DF7B329BB5ED90036501F /* LaunchScreen.storyboard in Resources */,
				6C7DF7B029BB5ED90036501F /* Assets.xcassets in Resources */,
				6C7DF7AE29BB5ED60036501F /* Main.storyboard in Resources */,
			);
			runOnlyForDeploymentPostprocessing = 0;
		};
		6C7DF7B729BB5ED90036501F /* Resources */ = {
			isa = PBXResourcesBuildPhase;
			buildActionMask = 2147483647;
			files = (
			);
			runOnlyForDeploymentPostprocessing = 0;
		};
		6C7DF7C129BB5ED90036501F /* Resources */ = {
			isa = PBXResourcesBuildPhase;
			buildActionMask = 2147483647;
			files = (
			);
			runOnlyForDeploymentPostprocessing = 0;
		};
/* End PBXResourcesBuildPhase section */

/* Begin PBXSourcesBuildPhase section */
		6C7DF79F29BB5ED60036501F /* Sources */ = {
			isa = PBXSourcesBuildPhase;
			buildActionMask = 2147483647;
			files = (
				6C7DF7AB29BB5ED60036501F /* ViewController.swift in Sources */,
				6C7DF7A729BB5ED60036501F /* AppDelegate.swift in Sources */,
				6C7DF7A929BB5ED60036501F /* SceneDelegate.swift in Sources */,
			);
			runOnlyForDeploymentPostprocessing = 0;
		};
		6C7DF7B529BB5ED90036501F /* Sources */ = {
			isa = PBXSourcesBuildPhase;
			buildActionMask = 2147483647;
			files = (
				6C7DF7BE29BB5ED90036501F /* NetworkResponseTests.swift in Sources */,
			);
			runOnlyForDeploymentPostprocessing = 0;
		};
		6C7DF7BF29BB5ED90036501F /* Sources */ = {
			isa = PBXSourcesBuildPhase;
			buildActionMask = 2147483647;
			files = (
				6C7DF7CA29BB5ED90036501F /* NetworkResponseUITestsLaunchTests.swift in Sources */,
				6C7DF7C829BB5ED90036501F /* NetworkResponseUITests.swift in Sources */,
			);
			runOnlyForDeploymentPostprocessing = 0;
		};
/* End PBXSourcesBuildPhase section */

/* Begin PBXTargetDependency section */
		6C7DF7BB29BB5ED90036501F /* PBXTargetDependency */ = {
			isa = PBXTargetDependency;
			target = 6C7DF7A229BB5ED60036501F /* NetworkResponse */;
			targetProxy = 6C7DF7BA29BB5ED90036501F /* PBXContainerItemProxy */;
		};
		6C7DF7C529BB5ED90036501F /* PBXTargetDependency */ = {
			isa = PBXTargetDependency;
			target = 6C7DF7A229BB5ED60036501F /* NetworkResponse */;
			targetProxy = 6C7DF7C429BB5ED90036501F /* PBXContainerItemProxy */;
		};
/* End PBXTargetDependency section */

/* Begin PBXVariantGroup section */
		6C7DF7AC29BB5ED60036501F /* Main.storyboard */ = {
			isa = PBXVariantGroup;
			children = (
				6C7DF7AD29BB5ED60036501F /* Base */,
			);
			name = Main.storyboard;
			sourceTree = "<group>";
		};
		6C7DF7B129BB5ED90036501F /* LaunchScreen.storyboard */ = {
			isa = PBXVariantGroup;
			children = (
				6C7DF7B229BB5ED90036501F /* Base */,
			);
			name = LaunchScreen.storyboard;
			sourceTree = "<group>";
		};
/* End PBXVariantGroup section */

/* Begin XCBuildConfiguration section */
		6C7DF7CB29BB5ED90036501F /* Debug */ = {
			isa = XCBuildConfiguration;
			buildSettings = {
				ALWAYS_SEARCH_USER_PATHS = NO;
				CLANG_ANALYZER_NONNULL = YES;
				CLANG_ANALYZER_NUMBER_OBJECT_CONVERSION = YES_AGGRESSIVE;
				CLANG_CXX_LANGUAGE_STANDARD = "gnu++20";
				CLANG_ENABLE_MODULES = YES;
				CLANG_ENABLE_OBJC_ARC = YES;
				CLANG_ENABLE_OBJC_WEAK = YES;
				CLANG_WARN_BLOCK_CAPTURE_AUTORELEASING = YES;
				CLANG_WARN_BOOL_CONVERSION = YES;
				CLANG_WARN_COMMA = YES;
				CLANG_WARN_CONSTANT_CONVERSION = YES;
				CLANG_WARN_DEPRECATED_OBJC_IMPLEMENTATIONS = YES;
				CLANG_WARN_DIRECT_OBJC_ISA_USAGE = YES_ERROR;
				CLANG_WARN_DOCUMENTATION_COMMENTS = YES;
				CLANG_WARN_EMPTY_BODY = YES;
				CLANG_WARN_ENUM_CONVERSION = YES;
				CLANG_WARN_INFINITE_RECURSION = YES;
				CLANG_WARN_INT_CONVERSION = YES;
				CLANG_WARN_NON_LITERAL_NULL_CONVERSION = YES;
				CLANG_WARN_OBJC_IMPLICIT_RETAIN_SELF = YES;
				CLANG_WARN_OBJC_LITERAL_CONVERSION = YES;
				CLANG_WARN_OBJC_ROOT_CLASS = YES_ERROR;
				CLANG_WARN_QUOTED_INCLUDE_IN_FRAMEWORK_HEADER = YES;
				CLANG_WARN_RANGE_LOOP_ANALYSIS = YES;
				CLANG_WARN_STRICT_PROTOTYPES = YES;
				CLANG_WARN_SUSPICIOUS_MOVE = YES;
				CLANG_WARN_UNGUARDED_AVAILABILITY = YES_AGGRESSIVE;
				CLANG_WARN_UNREACHABLE_CODE = YES;
				CLANG_WARN__DUPLICATE_METHOD_MATCH = YES;
				COPY_PHASE_STRIP = NO;
				DEBUG_INFORMATION_FORMAT = dwarf;
				ENABLE_STRICT_OBJC_MSGSEND = YES;
				ENABLE_TESTABILITY = YES;
				GCC_C_LANGUAGE_STANDARD = gnu11;
				GCC_DYNAMIC_NO_PIC = NO;
				GCC_NO_COMMON_BLOCKS = YES;
				GCC_OPTIMIZATION_LEVEL = 0;
				GCC_PREPROCESSOR_DEFINITIONS = (
					"DEBUG=1",
					"$(inherited)",
				);
				GCC_WARN_64_TO_32_BIT_CONVERSION = YES;
				GCC_WARN_ABOUT_RETURN_TYPE = YES_ERROR;
				GCC_WARN_UNDECLARED_SELECTOR = YES;
				GCC_WARN_UNINITIALIZED_AUTOS = YES_AGGRESSIVE;
				GCC_WARN_UNUSED_FUNCTION = YES;
				GCC_WARN_UNUSED_VARIABLE = YES;
				IPHONEOS_DEPLOYMENT_TARGET = 16.2;
				MTL_ENABLE_DEBUG_INFO = INCLUDE_SOURCE;
				MTL_FAST_MATH = YES;
				ONLY_ACTIVE_ARCH = YES;
				SDKROOT = iphoneos;
				SWIFT_ACTIVE_COMPILATION_CONDITIONS = DEBUG;
				SWIFT_OPTIMIZATION_LEVEL = "-Onone";
			};
			name = Debug;
		};
		6C7DF7CC29BB5ED90036501F /* Release */ = {
			isa = XCBuildConfiguration;
			buildSettings = {
				ALWAYS_SEARCH_USER_PATHS = NO;
				CLANG_ANALYZER_NONNULL = YES;
				CLANG_ANALYZER_NUMBER_OBJECT_CONVERSION = YES_AGGRESSIVE;
				CLANG_CXX_LANGUAGE_STANDARD = "gnu++20";
				CLANG_ENABLE_MODULES = YES;
				CLANG_ENABLE_OBJC_ARC = YES;
				CLANG_ENABLE_OBJC_WEAK = YES;
				CLANG_WARN_BLOCK_CAPTURE_AUTORELEASING = YES;
				CLANG_WARN_BOOL_CONVERSION = YES;
				CLANG_WARN_COMMA = YES;
				CLANG_WARN_CONSTANT_CONVERSION = YES;
				CLANG_WARN_DEPRECATED_OBJC_IMPLEMENTATIONS = YES;
				CLANG_WARN_DIRECT_OBJC_ISA_USAGE = YES_ERROR;
				CLANG_WARN_DOCUMENTATION_COMMENTS = YES;
				CLANG_WARN_EMPTY_BODY = YES;
				CLANG_WARN_ENUM_CONVERSION = YES;
				CLANG_WARN_INFINITE_RECURSION = YES;
				CLANG_WARN_INT_CONVERSION = YES;
				CLANG_WARN_NON_LITERAL_NULL_CONVERSION = YES;
				CLANG_WARN_OBJC_IMPLICIT_RETAIN_SELF = YES;
				CLANG_WARN_OBJC_LITERAL_CONVERSION = YES;
				CLANG_WARN_OBJC_ROOT_CLASS = YES_ERROR;
				CLANG_WARN_QUOTED_INCLUDE_IN_FRAMEWORK_HEADER = YES;
				CLANG_WARN_RANGE_LOOP_ANALYSIS = YES;
				CLANG_WARN_STRICT_PROTOTYPES = YES;
				CLANG_WARN_SUSPICIOUS_MOVE = YES;
				CLANG_WARN_UNGUARDED_AVAILABILITY = YES_AGGRESSIVE;
				CLANG_WARN_UNREACHABLE_CODE = YES;
				CLANG_WARN__DUPLICATE_METHOD_MATCH = YES;
				COPY_PHASE_STRIP = NO;
				DEBUG_INFORMATION_FORMAT = "dwarf-with-dsym";
				ENABLE_NS_ASSERTIONS = NO;
				ENABLE_STRICT_OBJC_MSGSEND = YES;
				GCC_C_LANGUAGE_STANDARD = gnu11;
				GCC_NO_COMMON_BLOCKS = YES;
				GCC_WARN_64_TO_32_BIT_CONVERSION = YES;
				GCC_WARN_ABOUT_RETURN_TYPE = YES_ERROR;
				GCC_WARN_UNDECLARED_SELECTOR = YES;
				GCC_WARN_UNINITIALIZED_AUTOS = YES_AGGRESSIVE;
				GCC_WARN_UNUSED_FUNCTION = YES;
				GCC_WARN_UNUSED_VARIABLE = YES;
				IPHONEOS_DEPLOYMENT_TARGET = 16.2;
				MTL_ENABLE_DEBUG_INFO = NO;
				MTL_FAST_MATH = YES;
				SDKROOT = iphoneos;
				SWIFT_COMPILATION_MODE = wholemodule;
				SWIFT_OPTIMIZATION_LEVEL = "-O";
				VALIDATE_PRODUCT = YES;
			};
			name = Release;
		};
		6C7DF7CE29BB5ED90036501F /* Debug */ = {
			isa = XCBuildConfiguration;
			buildSettings = {
				ASSETCATALOG_COMPILER_APPICON_NAME = AppIcon;
				ASSETCATALOG_COMPILER_GLOBAL_ACCENT_COLOR_NAME = AccentColor;
				CODE_SIGN_STYLE = Automatic;
				CURRENT_PROJECT_VERSION = 1;
				DEVELOPMENT_TEAM = SH7598WJ8A;
				GENERATE_INFOPLIST_FILE = YES;
				INFOPLIST_FILE = NetworkResponse/Info.plist;
				INFOPLIST_KEY_UIApplicationSupportsIndirectInputEvents = YES;
				INFOPLIST_KEY_UILaunchStoryboardName = LaunchScreen;
				INFOPLIST_KEY_UIMainStoryboardFile = Main;
				INFOPLIST_KEY_UISupportedInterfaceOrientations_iPad = "UIInterfaceOrientationPortrait UIInterfaceOrientationPortraitUpsideDown UIInterfaceOrientationLandscapeLeft UIInterfaceOrientationLandscapeRight";
				INFOPLIST_KEY_UISupportedInterfaceOrientations_iPhone = "UIInterfaceOrientationPortrait UIInterfaceOrientationLandscapeLeft UIInterfaceOrientationLandscapeRight";
				LD_RUNPATH_SEARCH_PATHS = (
					"$(inherited)",
					"@executable_path/Frameworks",
				);
				MARKETING_VERSION = 1.0;
				PRODUCT_BUNDLE_IDENTIFIER = com.bobbert.NetworkResponse;
				PRODUCT_NAME = "$(TARGET_NAME)";
				SWIFT_EMIT_LOC_STRINGS = YES;
				SWIFT_VERSION = 5.0;
				TARGETED_DEVICE_FAMILY = "1,2";
			};
			name = Debug;
		};
		6C7DF7CF29BB5ED90036501F /* Release */ = {
			isa = XCBuildConfiguration;
			buildSettings = {
				ASSETCATALOG_COMPILER_APPICON_NAME = AppIcon;
				ASSETCATALOG_COMPILER_GLOBAL_ACCENT_COLOR_NAME = AccentColor;
				CODE_SIGN_STYLE = Automatic;
				CURRENT_PROJECT_VERSION = 1;
				DEVELOPMENT_TEAM = SH7598WJ8A;
				GENERATE_INFOPLIST_FILE = YES;
				INFOPLIST_FILE = NetworkResponse/Info.plist;
				INFOPLIST_KEY_UIApplicationSupportsIndirectInputEvents = YES;
				INFOPLIST_KEY_UILaunchStoryboardName = LaunchScreen;
				INFOPLIST_KEY_UIMainStoryboardFile = Main;
				INFOPLIST_KEY_UISupportedInterfaceOrientations_iPad = "UIInterfaceOrientationPortrait UIInterfaceOrientationPortraitUpsideDown UIInterfaceOrientationLandscapeLeft UIInterfaceOrientationLandscapeRight";
				INFOPLIST_KEY_UISupportedInterfaceOrientations_iPhone = "UIInterfaceOrientationPortrait UIInterfaceOrientationLandscapeLeft UIInterfaceOrientationLandscapeRight";
				LD_RUNPATH_SEARCH_PATHS = (
					"$(inherited)",
					"@executable_path/Frameworks",
				);
				MARKETING_VERSION = 1.0;
				PRODUCT_BUNDLE_IDENTIFIER = com.bobbert.NetworkResponse;
				PRODUCT_NAME = "$(TARGET_NAME)";
				SWIFT_EMIT_LOC_STRINGS = YES;
				SWIFT_VERSION = 5.0;
				TARGETED_DEVICE_FAMILY = "1,2";
			};
			name = Release;
		};
		6C7DF7D129BB5ED90036501F /* Debug */ = {
			isa = XCBuildConfiguration;
			buildSettings = {
				ALWAYS_EMBED_SWIFT_STANDARD_LIBRARIES = YES;
				BUNDLE_LOADER = "$(TEST_HOST)";
				CODE_SIGN_STYLE = Automatic;
				CURRENT_PROJECT_VERSION = 1;
				DEVELOPMENT_TEAM = SH7598WJ8A;
				GENERATE_INFOPLIST_FILE = YES;
				IPHONEOS_DEPLOYMENT_TARGET = 16.2;
				MARKETING_VERSION = 1.0;
				PRODUCT_BUNDLE_IDENTIFIER = com.bobbert.NetworkResponseTests;
				PRODUCT_NAME = "$(TARGET_NAME)";
				SWIFT_EMIT_LOC_STRINGS = NO;
				SWIFT_VERSION = 5.0;
				TARGETED_DEVICE_FAMILY = "1,2";
				TEST_HOST = "$(BUILT_PRODUCTS_DIR)/NetworkResponse.app/$(BUNDLE_EXECUTABLE_FOLDER_PATH)/NetworkResponse";
			};
			name = Debug;
		};
		6C7DF7D229BB5ED90036501F /* Release */ = {
			isa = XCBuildConfiguration;
			buildSettings = {
				ALWAYS_EMBED_SWIFT_STANDARD_LIBRARIES = YES;
				BUNDLE_LOADER = "$(TEST_HOST)";
				CODE_SIGN_STYLE = Automatic;
				CURRENT_PROJECT_VERSION = 1;
				DEVELOPMENT_TEAM = SH7598WJ8A;
				GENERATE_INFOPLIST_FILE = YES;
				IPHONEOS_DEPLOYMENT_TARGET = 16.2;
				MARKETING_VERSION = 1.0;
				PRODUCT_BUNDLE_IDENTIFIER = com.bobbert.NetworkResponseTests;
				PRODUCT_NAME = "$(TARGET_NAME)";
				SWIFT_EMIT_LOC_STRINGS = NO;
				SWIFT_VERSION = 5.0;
				TARGETED_DEVICE_FAMILY = "1,2";
				TEST_HOST = "$(BUILT_PRODUCTS_DIR)/NetworkResponse.app/$(BUNDLE_EXECUTABLE_FOLDER_PATH)/NetworkResponse";
			};
			name = Release;
		};
		6C7DF7D429BB5ED90036501F /* Debug */ = {
			isa = XCBuildConfiguration;
			buildSettings = {
				ALWAYS_EMBED_SWIFT_STANDARD_LIBRARIES = YES;
				CODE_SIGN_STYLE = Automatic;
				CURRENT_PROJECT_VERSION = 1;
				DEVELOPMENT_TEAM = SH7598WJ8A;
				GENERATE_INFOPLIST_FILE = YES;
				MARKETING_VERSION = 1.0;
				PRODUCT_BUNDLE_IDENTIFIER = com.bobbert.NetworkResponseUITests;
				PRODUCT_NAME = "$(TARGET_NAME)";
				SWIFT_EMIT_LOC_STRINGS = NO;
				SWIFT_VERSION = 5.0;
				TARGETED_DEVICE_FAMILY = "1,2";
				TEST_TARGET_NAME = NetworkResponse;
			};
			name = Debug;
		};
		6C7DF7D529BB5ED90036501F /* Release */ = {
			isa = XCBuildConfiguration;
			buildSettings = {
				ALWAYS_EMBED_SWIFT_STANDARD_LIBRARIES = YES;
				CODE_SIGN_STYLE = Automatic;
				CURRENT_PROJECT_VERSION = 1;
				DEVELOPMENT_TEAM = SH7598WJ8A;
				GENERATE_INFOPLIST_FILE = YES;
				MARKETING_VERSION = 1.0;
				PRODUCT_BUNDLE_IDENTIFIER = com.bobbert.NetworkResponseUITests;
				PRODUCT_NAME = "$(TARGET_NAME)";
				SWIFT_EMIT_LOC_STRINGS = NO;
				SWIFT_VERSION = 5.0;
				TARGETED_DEVICE_FAMILY = "1,2";
				TEST_TARGET_NAME = NetworkResponse;
			};
			name = Release;
		};
/* End XCBuildConfiguration section */

/* Begin XCConfigurationList section */
		6C7DF79E29BB5ED60036501F /* Build configuration list for PBXProject "NetworkResponse" */ = {
			isa = XCConfigurationList;
			buildConfigurations = (
				6C7DF7CB29BB5ED90036501F /* Debug */,
				6C7DF7CC29BB5ED90036501F /* Release */,
			);
			defaultConfigurationIsVisible = 0;
			defaultConfigurationName = Release;
		};
		6C7DF7CD29BB5ED90036501F /* Build configuration list for PBXNativeTarget "NetworkResponse" */ = {
			isa = XCConfigurationList;
			buildConfigurations = (
				6C7DF7CE29BB5ED90036501F /* Debug */,
				6C7DF7CF29BB5ED90036501F /* Release */,
			);
			defaultConfigurationIsVisible = 0;
			defaultConfigurationName = Release;
		};
		6C7DF7D029BB5ED90036501F /* Build configuration list for PBXNativeTarget "NetworkResponseTests" */ = {
			isa = XCConfigurationList;
			buildConfigurations = (
				6C7DF7D129BB5ED90036501F /* Debug */,
				6C7DF7D229BB5ED90036501F /* Release */,
			);
			defaultConfigurationIsVisible = 0;
			defaultConfigurationName = Release;
		};
		6C7DF7D329BB5ED90036501F /* Build configuration list for PBXNativeTarget "NetworkResponseUITests" */ = {
			isa = XCConfigurationList;
			buildConfigurations = (
				6C7DF7D429BB5ED90036501F /* Debug */,
				6C7DF7D529BB5ED90036501F /* Release */,
			);
			defaultConfigurationIsVisible = 0;
			defaultConfigurationName = Release;
		};
/* End XCConfigurationList section */
	};
	rootObject = 6C7DF79B29BB5ED60036501F /* Project object */;
}
