// !$*UTF8*$!
{
	archiveVersion = 1;
	classes = {
	};
	objectVersion = 56;
	objects = {

/* Begin PBXBuildFile section */
		6C4178E329B7531E00CCC8EE /* AppDelegate.swift in Sources */ = {isa = PBXBuildFile; fileRef = 6C4178E229B7531E00CCC8EE /* AppDelegate.swift */; };
		6C4178E529B7531E00CCC8EE /* SceneDelegate.swift in Sources */ = {isa = PBXBuildFile; fileRef = 6C4178E429B7531E00CCC8EE /* SceneDelegate.swift */; };
		6C4178E729B7531E00CCC8EE /* ViewController.swift in Sources */ = {isa = PBXBuildFile; fileRef = 6C4178E629B7531E00CCC8EE /* ViewController.swift */; };
		6C4178EA29B7531E00CCC8EE /* Main.storyboard in Resources */ = {isa = PBXBuildFile; fileRef = 6C4178E829B7531E00CCC8EE /* Main.storyboard */; };
		6C4178EC29B7532100CCC8EE /* Assets.xcassets in Resources */ = {isa = PBXBuildFile; fileRef = 6C4178EB29B7532100CCC8EE /* Assets.xcassets */; };
		6C4178EF29B7532100CCC8EE /* LaunchScreen.storyboard in Resources */ = {isa = PBXBuildFile; fileRef = 6C4178ED29B7532100CCC8EE /* LaunchScreen.storyboard */; };
		6C4178FA29B7532100CCC8EE /* NetworkRequestTests.swift in Sources */ = {isa = PBXBuildFile; fileRef = 6C4178F929B7532100CCC8EE /* NetworkRequestTests.swift */; };
		6C41790429B7532100CCC8EE /* NetworkRequestUITests.swift in Sources */ = {isa = PBXBuildFile; fileRef = 6C41790329B7532100CCC8EE /* NetworkRequestUITests.swift */; };
		6C41790629B7532100CCC8EE /* NetworkRequestUITestsLaunchTests.swift in Sources */ = {isa = PBXBuildFile; fileRef = 6C41790529B7532100CCC8EE /* NetworkRequestUITestsLaunchTests.swift */; };
/* End PBXBuildFile section */

/* Begin PBXContainerItemProxy section */
		6C4178F629B7532100CCC8EE /* PBXContainerItemProxy */ = {
			isa = PBXContainerItemProxy;
			containerPortal = 6C4178D729B7531E00CCC8EE /* Project object */;
			proxyType = 1;
			remoteGlobalIDString = 6C4178DE29B7531E00CCC8EE;
			remoteInfo = NetworkRequest;
		};
		6C41790029B7532100CCC8EE /* PBXContainerItemProxy */ = {
			isa = PBXContainerItemProxy;
			containerPortal = 6C4178D729B7531E00CCC8EE /* Project object */;
			proxyType = 1;
			remoteGlobalIDString = 6C4178DE29B7531E00CCC8EE;
			remoteInfo = NetworkRequest;
		};
/* End PBXContainerItemProxy section */

/* Begin PBXFileReference section */
		6C4178DF29B7531E00CCC8EE /* NetworkRequest.app */ = {isa = PBXFileReference; explicitFileType = wrapper.application; includeInIndex = 0; path = NetworkRequest.app; sourceTree = BUILT_PRODUCTS_DIR; };
		6C4178E229B7531E00CCC8EE /* AppDelegate.swift */ = {isa = PBXFileReference; lastKnownFileType = sourcecode.swift; path = AppDelegate.swift; sourceTree = "<group>"; };
		6C4178E429B7531E00CCC8EE /* SceneDelegate.swift */ = {isa = PBXFileReference; lastKnownFileType = sourcecode.swift; path = SceneDelegate.swift; sourceTree = "<group>"; };
		6C4178E629B7531E00CCC8EE /* ViewController.swift */ = {isa = PBXFileReference; lastKnownFileType = sourcecode.swift; path = ViewController.swift; sourceTree = "<group>"; };
		6C4178E929B7531E00CCC8EE /* Base */ = {isa = PBXFileReference; lastKnownFileType = file.storyboard; name = Base; path = Base.lproj/Main.storyboard; sourceTree = "<group>"; };
		6C4178EB29B7532100CCC8EE /* Assets.xcassets */ = {isa = PBXFileReference; lastKnownFileType = folder.assetcatalog; path = Assets.xcassets; sourceTree = "<group>"; };
		6C4178EE29B7532100CCC8EE /* Base */ = {isa = PBXFileReference; lastKnownFileType = file.storyboard; name = Base; path = Base.lproj/LaunchScreen.storyboard; sourceTree = "<group>"; };
		6C4178F029B7532100CCC8EE /* Info.plist */ = {isa = PBXFileReference; lastKnownFileType = text.plist.xml; path = Info.plist; sourceTree = "<group>"; };
		6C4178F529B7532100CCC8EE /* NetworkRequestTests.xctest */ = {isa = PBXFileReference; explicitFileType = wrapper.cfbundle; includeInIndex = 0; path = NetworkRequestTests.xctest; sourceTree = BUILT_PRODUCTS_DIR; };
		6C4178F929B7532100CCC8EE /* NetworkRequestTests.swift */ = {isa = PBXFileReference; lastKnownFileType = sourcecode.swift; path = NetworkRequestTests.swift; sourceTree = "<group>"; };
		6C4178FF29B7532100CCC8EE /* NetworkRequestUITests.xctest */ = {isa = PBXFileReference; explicitFileType = wrapper.cfbundle; includeInIndex = 0; path = NetworkRequestUITests.xctest; sourceTree = BUILT_PRODUCTS_DIR; };
		6C41790329B7532100CCC8EE /* NetworkRequestUITests.swift */ = {isa = PBXFileReference; lastKnownFileType = sourcecode.swift; path = NetworkRequestUITests.swift; sourceTree = "<group>"; };
		6C41790529B7532100CCC8EE /* NetworkRequestUITestsLaunchTests.swift */ = {isa = PBXFileReference; lastKnownFileType = sourcecode.swift; path = NetworkRequestUITestsLaunchTests.swift; sourceTree = "<group>"; };
/* End PBXFileReference section */

/* Begin PBXFrameworksBuildPhase section */
		6C4178DC29B7531E00CCC8EE /* Frameworks */ = {
			isa = PBXFrameworksBuildPhase;
			buildActionMask = 2147483647;
			files = (
			);
			runOnlyForDeploymentPostprocessing = 0;
		};
		6C4178F229B7532100CCC8EE /* Frameworks */ = {
			isa = PBXFrameworksBuildPhase;
			buildActionMask = 2147483647;
			files = (
			);
			runOnlyForDeploymentPostprocessing = 0;
		};
		6C4178FC29B7532100CCC8EE /* Frameworks */ = {
			isa = PBXFrameworksBuildPhase;
			buildActionMask = 2147483647;
			files = (
			);
			runOnlyForDeploymentPostprocessing = 0;
		};
/* End PBXFrameworksBuildPhase section */

/* Begin PBXGroup section */
		6C4178D629B7531E00CCC8EE = {
			isa = PBXGroup;
			children = (
				6C4178E129B7531E00CCC8EE /* NetworkRequest */,
				6C4178F829B7532100CCC8EE /* NetworkRequestTests */,
				6C41790229B7532100CCC8EE /* NetworkRequestUITests */,
				6C4178E029B7531E00CCC8EE /* Products */,
			);
			sourceTree = "<group>";
		};
		6C4178E029B7531E00CCC8EE /* Products */ = {
			isa = PBXGroup;
			children = (
				6C4178DF29B7531E00CCC8EE /* NetworkRequest.app */,
				6C4178F529B7532100CCC8EE /* NetworkRequestTests.xctest */,
				6C4178FF29B7532100CCC8EE /* NetworkRequestUITests.xctest */,
			);
			name = Products;
			sourceTree = "<group>";
		};
		6C4178E129B7531E00CCC8EE /* NetworkRequest */ = {
			isa = PBXGroup;
			children = (
				6C4178E229B7531E00CCC8EE /* AppDelegate.swift */,
				6C4178E429B7531E00CCC8EE /* SceneDelegate.swift */,
				6C4178E629B7531E00CCC8EE /* ViewController.swift */,
				6C4178E829B7531E00CCC8EE /* Main.storyboard */,
				6C4178EB29B7532100CCC8EE /* Assets.xcassets */,
				6C4178ED29B7532100CCC8EE /* LaunchScreen.storyboard */,
				6C4178F029B7532100CCC8EE /* Info.plist */,
			);
			path = NetworkRequest;
			sourceTree = "<group>";
		};
		6C4178F829B7532100CCC8EE /* NetworkRequestTests */ = {
			isa = PBXGroup;
			children = (
				6C4178F929B7532100CCC8EE /* NetworkRequestTests.swift */,
			);
			path = NetworkRequestTests;
			sourceTree = "<group>";
		};
		6C41790229B7532100CCC8EE /* NetworkRequestUITests */ = {
			isa = PBXGroup;
			children = (
				6C41790329B7532100CCC8EE /* NetworkRequestUITests.swift */,
				6C41790529B7532100CCC8EE /* NetworkRequestUITestsLaunchTests.swift */,
			);
			path = NetworkRequestUITests;
			sourceTree = "<group>";
		};
/* End PBXGroup section */

/* Begin PBXNativeTarget section */
		6C4178DE29B7531E00CCC8EE /* NetworkRequest */ = {
			isa = PBXNativeTarget;
			buildConfigurationList = 6C41790929B7532100CCC8EE /* Build configuration list for PBXNativeTarget "NetworkRequest" */;
			buildPhases = (
				6C4178DB29B7531E00CCC8EE /* Sources */,
				6C4178DC29B7531E00CCC8EE /* Frameworks */,
				6C4178DD29B7531E00CCC8EE /* Resources */,
			);
			buildRules = (
			);
			dependencies = (
			);
			name = NetworkRequest;
			productName = NetworkRequest;
			productReference = 6C4178DF29B7531E00CCC8EE /* NetworkRequest.app */;
			productType = "com.apple.product-type.application";
		};
		6C4178F429B7532100CCC8EE /* NetworkRequestTests */ = {
			isa = PBXNativeTarget;
			buildConfigurationList = 6C41790C29B7532100CCC8EE /* Build configuration list for PBXNativeTarget "NetworkRequestTests" */;
			buildPhases = (
				6C4178F129B7532100CCC8EE /* Sources */,
				6C4178F229B7532100CCC8EE /* Frameworks */,
				6C4178F329B7532100CCC8EE /* Resources */,
			);
			buildRules = (
			);
			dependencies = (
				6C4178F729B7532100CCC8EE /* PBXTargetDependency */,
			);
			name = NetworkRequestTests;
			productName = NetworkRequestTests;
			productReference = 6C4178F529B7532100CCC8EE /* NetworkRequestTests.xctest */;
			productType = "com.apple.product-type.bundle.unit-test";
		};
		6C4178FE29B7532100CCC8EE /* NetworkRequestUITests */ = {
			isa = PBXNativeTarget;
			buildConfigurationList = 6C41790F29B7532100CCC8EE /* Build configuration list for PBXNativeTarget "NetworkRequestUITests" */;
			buildPhases = (
				6C4178FB29B7532100CCC8EE /* Sources */,
				6C4178FC29B7532100CCC8EE /* Frameworks */,
				6C4178FD29B7532100CCC8EE /* Resources */,
			);
			buildRules = (
			);
			dependencies = (
				6C41790129B7532100CCC8EE /* PBXTargetDependency */,
			);
			name = NetworkRequestUITests;
			productName = NetworkRequestUITests;
			productReference = 6C4178FF29B7532100CCC8EE /* NetworkRequestUITests.xctest */;
			productType = "com.apple.product-type.bundle.ui-testing";
		};
/* End PBXNativeTarget section */

/* Begin PBXProject section */
		6C4178D729B7531E00CCC8EE /* Project object */ = {
			isa = PBXProject;
			attributes = {
				BuildIndependentTargetsInParallel = 1;
				LastSwiftUpdateCheck = 1420;
				LastUpgradeCheck = 1420;
				TargetAttributes = {
					6C4178DE29B7531E00CCC8EE = {
						CreatedOnToolsVersion = 14.2;
					};
					6C4178F429B7532100CCC8EE = {
						CreatedOnToolsVersion = 14.2;
						TestTargetID = 6C4178DE29B7531E00CCC8EE;
					};
					6C4178FE29B7532100CCC8EE = {
						CreatedOnToolsVersion = 14.2;
						TestTargetID = 6C4178DE29B7531E00CCC8EE;
					};
				};
			};
			buildConfigurationList = 6C4178DA29B7531E00CCC8EE /* Build configuration list for PBXProject "NetworkRequest" */;
			compatibilityVersion = "Xcode 14.0";
			developmentRegion = en;
			hasScannedForEncodings = 0;
			knownRegions = (
				en,
				Base,
			);
			mainGroup = 6C4178D629B7531E00CCC8EE;
			productRefGroup = 6C4178E029B7531E00CCC8EE /* Products */;
			projectDirPath = "";
			projectRoot = "";
			targets = (
				6C4178DE29B7531E00CCC8EE /* NetworkRequest */,
				6C4178F429B7532100CCC8EE /* NetworkRequestTests */,
				6C4178FE29B7532100CCC8EE /* NetworkRequestUITests */,
			);
		};
/* End PBXProject section */

/* Begin PBXResourcesBuildPhase section */
		6C4178DD29B7531E00CCC8EE /* Resources */ = {
			isa = PBXResourcesBuildPhase;
			buildActionMask = 2147483647;
			files = (
				6C4178EF29B7532100CCC8EE /* LaunchScreen.storyboard in Resources */,
				6C4178EC29B7532100CCC8EE /* Assets.xcassets in Resources */,
				6C4178EA29B7531E00CCC8EE /* Main.storyboard in Resources */,
			);
			runOnlyForDeploymentPostprocessing = 0;
		};
		6C4178F329B7532100CCC8EE /* Resources */ = {
			isa = PBXResourcesBuildPhase;
			buildActionMask = 2147483647;
			files = (
			);
			runOnlyForDeploymentPostprocessing = 0;
		};
		6C4178FD29B7532100CCC8EE /* Resources */ = {
			isa = PBXResourcesBuildPhase;
			buildActionMask = 2147483647;
			files = (
			);
			runOnlyForDeploymentPostprocessing = 0;
		};
/* End PBXResourcesBuildPhase section */

/* Begin PBXSourcesBuildPhase section */
		6C4178DB29B7531E00CCC8EE /* Sources */ = {
			isa = PBXSourcesBuildPhase;
			buildActionMask = 2147483647;
			files = (
				6C4178E729B7531E00CCC8EE /* ViewController.swift in Sources */,
				6C4178E329B7531E00CCC8EE /* AppDelegate.swift in Sources */,
				6C4178E529B7531E00CCC8EE /* SceneDelegate.swift in Sources */,
			);
			runOnlyForDeploymentPostprocessing = 0;
		};
		6C4178F129B7532100CCC8EE /* Sources */ = {
			isa = PBXSourcesBuildPhase;
			buildActionMask = 2147483647;
			files = (
				6C4178FA29B7532100CCC8EE /* NetworkRequestTests.swift in Sources */,
			);
			runOnlyForDeploymentPostprocessing = 0;
		};
		6C4178FB29B7532100CCC8EE /* Sources */ = {
			isa = PBXSourcesBuildPhase;
			buildActionMask = 2147483647;
			files = (
				6C41790429B7532100CCC8EE /* NetworkRequestUITests.swift in Sources */,
				6C41790629B7532100CCC8EE /* NetworkRequestUITestsLaunchTests.swift in Sources */,
			);
			runOnlyForDeploymentPostprocessing = 0;
		};
/* End PBXSourcesBuildPhase section */

/* Begin PBXTargetDependency section */
		6C4178F729B7532100CCC8EE /* PBXTargetDependency */ = {
			isa = PBXTargetDependency;
			target = 6C4178DE29B7531E00CCC8EE /* NetworkRequest */;
			targetProxy = 6C4178F629B7532100CCC8EE /* PBXContainerItemProxy */;
		};
		6C41790129B7532100CCC8EE /* PBXTargetDependency */ = {
			isa = PBXTargetDependency;
			target = 6C4178DE29B7531E00CCC8EE /* NetworkRequest */;
			targetProxy = 6C41790029B7532100CCC8EE /* PBXContainerItemProxy */;
		};
/* End PBXTargetDependency section */

/* Begin PBXVariantGroup section */
		6C4178E829B7531E00CCC8EE /* Main.storyboard */ = {
			isa = PBXVariantGroup;
			children = (
				6C4178E929B7531E00CCC8EE /* Base */,
			);
			name = Main.storyboard;
			sourceTree = "<group>";
		};
		6C4178ED29B7532100CCC8EE /* LaunchScreen.storyboard */ = {
			isa = PBXVariantGroup;
			children = (
				6C4178EE29B7532100CCC8EE /* Base */,
			);
			name = LaunchScreen.storyboard;
			sourceTree = "<group>";
		};
/* End PBXVariantGroup section */

/* Begin XCBuildConfiguration section */
		6C41790729B7532100CCC8EE /* Debug */ = {
			isa = XCBuildConfiguration;
			buildSettings = {
				ALWAYS_SEARCH_USER_PATHS = NO;
				CLANG_ANALYZER_NONNULL = YES;
				CLANG_ANALYZER_NUMBER_OBJECT_CONVERSION = YES_AGGRESSIVE;
				CLANG_CXX_LANGUAGE_STANDARD = "gnu++20";
				CLANG_ENABLE_MODULES = YES;
				CLANG_ENABLE_OBJC_ARC = YES;
				CLANG_ENABLE_OBJC_WEAK = YES;
				CLANG_WARN_BLOCK_CAPTURE_AUTORELEASING = YES;
				CLANG_WARN_BOOL_CONVERSION = YES;
				CLANG_WARN_COMMA = YES;
				CLANG_WARN_CONSTANT_CONVERSION = YES;
				CLANG_WARN_DEPRECATED_OBJC_IMPLEMENTATIONS = YES;
				CLANG_WARN_DIRECT_OBJC_ISA_USAGE = YES_ERROR;
				CLANG_WARN_DOCUMENTATION_COMMENTS = YES;
				CLANG_WARN_EMPTY_BODY = YES;
				CLANG_WARN_ENUM_CONVERSION = YES;
				CLANG_WARN_INFINITE_RECURSION = YES;
				CLANG_WARN_INT_CONVERSION = YES;
				CLANG_WARN_NON_LITERAL_NULL_CONVERSION = YES;
				CLANG_WARN_OBJC_IMPLICIT_RETAIN_SELF = YES;
				CLANG_WARN_OBJC_LITERAL_CONVERSION = YES;
				CLANG_WARN_OBJC_ROOT_CLASS = YES_ERROR;
				CLANG_WARN_QUOTED_INCLUDE_IN_FRAMEWORK_HEADER = YES;
				CLANG_WARN_RANGE_LOOP_ANALYSIS = YES;
				CLANG_WARN_STRICT_PROTOTYPES = YES;
				CLANG_WARN_SUSPICIOUS_MOVE = YES;
				CLANG_WARN_UNGUARDED_AVAILABILITY = YES_AGGRESSIVE;
				CLANG_WARN_UNREACHABLE_CODE = YES;
				CLANG_WARN__DUPLICATE_METHOD_MATCH = YES;
				COPY_PHASE_STRIP = NO;
				DEBUG_INFORMATION_FORMAT = dwarf;
				ENABLE_STRICT_OBJC_MSGSEND = YES;
				ENABLE_TESTABILITY = YES;
				GCC_C_LANGUAGE_STANDARD = gnu11;
				GCC_DYNAMIC_NO_PIC = NO;
				GCC_NO_COMMON_BLOCKS = YES;
				GCC_OPTIMIZATION_LEVEL = 0;
				GCC_PREPROCESSOR_DEFINITIONS = (
					"DEBUG=1",
					"$(inherited)",
				);
				GCC_WARN_64_TO_32_BIT_CONVERSION = YES;
				GCC_WARN_ABOUT_RETURN_TYPE = YES_ERROR;
				GCC_WARN_UNDECLARED_SELECTOR = YES;
				GCC_WARN_UNINITIALIZED_AUTOS = YES_AGGRESSIVE;
				GCC_WARN_UNUSED_FUNCTION = YES;
				GCC_WARN_UNUSED_VARIABLE = YES;
				IPHONEOS_DEPLOYMENT_TARGET = 16.2;
				MTL_ENABLE_DEBUG_INFO = INCLUDE_SOURCE;
				MTL_FAST_MATH = YES;
				ONLY_ACTIVE_ARCH = YES;
				SDKROOT = iphoneos;
				SWIFT_ACTIVE_COMPILATION_CONDITIONS = DEBUG;
				SWIFT_OPTIMIZATION_LEVEL = "-Onone";
			};
			name = Debug;
		};
		6C41790829B7532100CCC8EE /* Release */ = {
			isa = XCBuildConfiguration;
			buildSettings = {
				ALWAYS_SEARCH_USER_PATHS = NO;
				CLANG_ANALYZER_NONNULL = YES;
				CLANG_ANALYZER_NUMBER_OBJECT_CONVERSION = YES_AGGRESSIVE;
				CLANG_CXX_LANGUAGE_STANDARD = "gnu++20";
				CLANG_ENABLE_MODULES = YES;
				CLANG_ENABLE_OBJC_ARC = YES;
				CLANG_ENABLE_OBJC_WEAK = YES;
				CLANG_WARN_BLOCK_CAPTURE_AUTORELEASING = YES;
				CLANG_WARN_BOOL_CONVERSION = YES;
				CLANG_WARN_COMMA = YES;
				CLANG_WARN_CONSTANT_CONVERSION = YES;
				CLANG_WARN_DEPRECATED_OBJC_IMPLEMENTATIONS = YES;
				CLANG_WARN_DIRECT_OBJC_ISA_USAGE = YES_ERROR;
				CLANG_WARN_DOCUMENTATION_COMMENTS = YES;
				CLANG_WARN_EMPTY_BODY = YES;
				CLANG_WARN_ENUM_CONVERSION = YES;
				CLANG_WARN_INFINITE_RECURSION = YES;
				CLANG_WARN_INT_CONVERSION = YES;
				CLANG_WARN_NON_LITERAL_NULL_CONVERSION = YES;
				CLANG_WARN_OBJC_IMPLICIT_RETAIN_SELF = YES;
				CLANG_WARN_OBJC_LITERAL_CONVERSION = YES;
				CLANG_WARN_OBJC_ROOT_CLASS = YES_ERROR;
				CLANG_WARN_QUOTED_INCLUDE_IN_FRAMEWORK_HEADER = YES;
				CLANG_WARN_RANGE_LOOP_ANALYSIS = YES;
				CLANG_WARN_STRICT_PROTOTYPES = YES;
				CLANG_WARN_SUSPICIOUS_MOVE = YES;
				CLANG_WARN_UNGUARDED_AVAILABILITY = YES_AGGRESSIVE;
				CLANG_WARN_UNREACHABLE_CODE = YES;
				CLANG_WARN__DUPLICATE_METHOD_MATCH = YES;
				COPY_PHASE_STRIP = NO;
				DEBUG_INFORMATION_FORMAT = "dwarf-with-dsym";
				ENABLE_NS_ASSERTIONS = NO;
				ENABLE_STRICT_OBJC_MSGSEND = YES;
				GCC_C_LANGUAGE_STANDARD = gnu11;
				GCC_NO_COMMON_BLOCKS = YES;
				GCC_WARN_64_TO_32_BIT_CONVERSION = YES;
				GCC_WARN_ABOUT_RETURN_TYPE = YES_ERROR;
				GCC_WARN_UNDECLARED_SELECTOR = YES;
				GCC_WARN_UNINITIALIZED_AUTOS = YES_AGGRESSIVE;
				GCC_WARN_UNUSED_FUNCTION = YES;
				GCC_WARN_UNUSED_VARIABLE = YES;
				IPHONEOS_DEPLOYMENT_TARGET = 16.2;
				MTL_ENABLE_DEBUG_INFO = NO;
				MTL_FAST_MATH = YES;
				SDKROOT = iphoneos;
				SWIFT_COMPILATION_MODE = wholemodule;
				SWIFT_OPTIMIZATION_LEVEL = "-O";
				VALIDATE_PRODUCT = YES;
			};
			name = Release;
		};
		6C41790A29B7532100CCC8EE /* Debug */ = {
			isa = XCBuildConfiguration;
			buildSettings = {
				ASSETCATALOG_COMPILER_APPICON_NAME = AppIcon;
				ASSETCATALOG_COMPILER_GLOBAL_ACCENT_COLOR_NAME = AccentColor;
				CODE_SIGN_STYLE = Automatic;
				CURRENT_PROJECT_VERSION = 1;
				DEVELOPMENT_TEAM = SH7598WJ8A;
				GENERATE_INFOPLIST_FILE = YES;
				INFOPLIST_FILE = NetworkRequest/Info.plist;
				INFOPLIST_KEY_UIApplicationSupportsIndirectInputEvents = YES;
				INFOPLIST_KEY_UILaunchStoryboardName = LaunchScreen;
				INFOPLIST_KEY_UIMainStoryboardFile = Main;
				INFOPLIST_KEY_UISupportedInterfaceOrientations_iPad = "UIInterfaceOrientationPortrait UIInterfaceOrientationPortraitUpsideDown UIInterfaceOrientationLandscapeLeft UIInterfaceOrientationLandscapeRight";
				INFOPLIST_KEY_UISupportedInterfaceOrientations_iPhone = "UIInterfaceOrientationPortrait UIInterfaceOrientationLandscapeLeft UIInterfaceOrientationLandscapeRight";
				LD_RUNPATH_SEARCH_PATHS = (
					"$(inherited)",
					"@executable_path/Frameworks",
				);
				MARKETING_VERSION = 1.0;
				PRODUCT_BUNDLE_IDENTIFIER = com.bobbert.NetworkRequest;
				PRODUCT_NAME = "$(TARGET_NAME)";
				SWIFT_EMIT_LOC_STRINGS = YES;
				SWIFT_VERSION = 5.0;
				TARGETED_DEVICE_FAMILY = "1,2";
			};
			name = Debug;
		};
		6C41790B29B7532100CCC8EE /* Release */ = {
			isa = XCBuildConfiguration;
			buildSettings = {
				ASSETCATALOG_COMPILER_APPICON_NAME = AppIcon;
				ASSETCATALOG_COMPILER_GLOBAL_ACCENT_COLOR_NAME = AccentColor;
				CODE_SIGN_STYLE = Automatic;
				CURRENT_PROJECT_VERSION = 1;
				DEVELOPMENT_TEAM = SH7598WJ8A;
				GENERATE_INFOPLIST_FILE = YES;
				INFOPLIST_FILE = NetworkRequest/Info.plist;
				INFOPLIST_KEY_UIApplicationSupportsIndirectInputEvents = YES;
				INFOPLIST_KEY_UILaunchStoryboardName = LaunchScreen;
				INFOPLIST_KEY_UIMainStoryboardFile = Main;
				INFOPLIST_KEY_UISupportedInterfaceOrientations_iPad = "UIInterfaceOrientationPortrait UIInterfaceOrientationPortraitUpsideDown UIInterfaceOrientationLandscapeLeft UIInterfaceOrientationLandscapeRight";
				INFOPLIST_KEY_UISupportedInterfaceOrientations_iPhone = "UIInterfaceOrientationPortrait UIInterfaceOrientationLandscapeLeft UIInterfaceOrientationLandscapeRight";
				LD_RUNPATH_SEARCH_PATHS = (
					"$(inherited)",
					"@executable_path/Frameworks",
				);
				MARKETING_VERSION = 1.0;
				PRODUCT_BUNDLE_IDENTIFIER = com.bobbert.NetworkRequest;
				PRODUCT_NAME = "$(TARGET_NAME)";
				SWIFT_EMIT_LOC_STRINGS = YES;
				SWIFT_VERSION = 5.0;
				TARGETED_DEVICE_FAMILY = "1,2";
			};
			name = Release;
		};
		6C41790D29B7532100CCC8EE /* Debug */ = {
			isa = XCBuildConfiguration;
			buildSettings = {
				ALWAYS_EMBED_SWIFT_STANDARD_LIBRARIES = YES;
				BUNDLE_LOADER = "$(TEST_HOST)";
				CODE_SIGN_STYLE = Automatic;
				CURRENT_PROJECT_VERSION = 1;
				DEVELOPMENT_TEAM = SH7598WJ8A;
				GENERATE_INFOPLIST_FILE = YES;
				IPHONEOS_DEPLOYMENT_TARGET = 16.2;
				MARKETING_VERSION = 1.0;
				PRODUCT_BUNDLE_IDENTIFIER = com.bobbert.NetworkRequestTests;
				PRODUCT_NAME = "$(TARGET_NAME)";
				SWIFT_EMIT_LOC_STRINGS = NO;
				SWIFT_VERSION = 5.0;
				TARGETED_DEVICE_FAMILY = "1,2";
				TEST_HOST = "$(BUILT_PRODUCTS_DIR)/NetworkRequest.app/$(BUNDLE_EXECUTABLE_FOLDER_PATH)/NetworkRequest";
			};
			name = Debug;
		};
		6C41790E29B7532100CCC8EE /* Release */ = {
			isa = XCBuildConfiguration;
			buildSettings = {
				ALWAYS_EMBED_SWIFT_STANDARD_LIBRARIES = YES;
				BUNDLE_LOADER = "$(TEST_HOST)";
				CODE_SIGN_STYLE = Automatic;
				CURRENT_PROJECT_VERSION = 1;
				DEVELOPMENT_TEAM = SH7598WJ8A;
				GENERATE_INFOPLIST_FILE = YES;
				IPHONEOS_DEPLOYMENT_TARGET = 16.2;
				MARKETING_VERSION = 1.0;
				PRODUCT_BUNDLE_IDENTIFIER = com.bobbert.NetworkRequestTests;
				PRODUCT_NAME = "$(TARGET_NAME)";
				SWIFT_EMIT_LOC_STRINGS = NO;
				SWIFT_VERSION = 5.0;
				TARGETED_DEVICE_FAMILY = "1,2";
				TEST_HOST = "$(BUILT_PRODUCTS_DIR)/NetworkRequest.app/$(BUNDLE_EXECUTABLE_FOLDER_PATH)/NetworkRequest";
			};
			name = Release;
		};
		6C41791029B7532100CCC8EE /* Debug */ = {
			isa = XCBuildConfiguration;
			buildSettings = {
				ALWAYS_EMBED_SWIFT_STANDARD_LIBRARIES = YES;
				CODE_SIGN_STYLE = Automatic;
				CURRENT_PROJECT_VERSION = 1;
				DEVELOPMENT_TEAM = SH7598WJ8A;
				GENERATE_INFOPLIST_FILE = YES;
				MARKETING_VERSION = 1.0;
				PRODUCT_BUNDLE_IDENTIFIER = com.bobbert.NetworkRequestUITests;
				PRODUCT_NAME = "$(TARGET_NAME)";
				SWIFT_EMIT_LOC_STRINGS = NO;
				SWIFT_VERSION = 5.0;
				TARGETED_DEVICE_FAMILY = "1,2";
				TEST_TARGET_NAME = NetworkRequest;
			};
			name = Debug;
		};
		6C41791129B7532100CCC8EE /* Release */ = {
			isa = XCBuildConfiguration;
			buildSettings = {
				ALWAYS_EMBED_SWIFT_STANDARD_LIBRARIES = YES;
				CODE_SIGN_STYLE = Automatic;
				CURRENT_PROJECT_VERSION = 1;
				DEVELOPMENT_TEAM = SH7598WJ8A;
				GENERATE_INFOPLIST_FILE = YES;
				MARKETING_VERSION = 1.0;
				PRODUCT_BUNDLE_IDENTIFIER = com.bobbert.NetworkRequestUITests;
				PRODUCT_NAME = "$(TARGET_NAME)";
				SWIFT_EMIT_LOC_STRINGS = NO;
				SWIFT_VERSION = 5.0;
				TARGETED_DEVICE_FAMILY = "1,2";
				TEST_TARGET_NAME = NetworkRequest;
			};
			name = Release;
		};
/* End XCBuildConfiguration section */

/* Begin XCConfigurationList section */
		6C4178DA29B7531E00CCC8EE /* Build configuration list for PBXProject "NetworkRequest" */ = {
			isa = XCConfigurationList;
			buildConfigurations = (
				6C41790729B7532100CCC8EE /* Debug */,
				6C41790829B7532100CCC8EE /* Release */,
			);
			defaultConfigurationIsVisible = 0;
			defaultConfigurationName = Release;
		};
		6C41790929B7532100CCC8EE /* Build configuration list for PBXNativeTarget "NetworkRequest" */ = {
			isa = XCConfigurationList;
			buildConfigurations = (
				6C41790A29B7532100CCC8EE /* Debug */,
				6C41790B29B7532100CCC8EE /* Release */,
			);
			defaultConfigurationIsVisible = 0;
			defaultConfigurationName = Release;
		};
		6C41790C29B7532100CCC8EE /* Build configuration list for PBXNativeTarget "NetworkRequestTests" */ = {
			isa = XCConfigurationList;
			buildConfigurations = (
				6C41790D29B7532100CCC8EE /* Debug */,
				6C41790E29B7532100CCC8EE /* Release */,
			);
			defaultConfigurationIsVisible = 0;
			defaultConfigurationName = Release;
		};
		6C41790F29B7532100CCC8EE /* Build configuration list for PBXNativeTarget "NetworkRequestUITests" */ = {
			isa = XCConfigurationList;
			buildConfigurations = (
				6C41791029B7532100CCC8EE /* Debug */,
				6C41791129B7532100CCC8EE /* Release */,
			);
			defaultConfigurationIsVisible = 0;
			defaultConfigurationName = Release;
		};
/* End XCConfigurationList section */
	};
	rootObject = 6C4178D729B7531E00CCC8EE /* Project object */;
}
