// !$*UTF8*$!
{
	archiveVersion = 1;
	classes = {
	};
	objectVersion = 56;
	objects = {

/* Begin PBXBuildFile section */
		6C31870229CC3B5D00104681 /* AppDelegate.swift in Sources */ = {isa = PBXBuildFile; fileRef = 6C31870129CC3B5D00104681 /* AppDelegate.swift */; };
		6C31870429CC3B5D00104681 /* SceneDelegate.swift in Sources */ = {isa = PBXBuildFile; fileRef = 6C31870329CC3B5D00104681 /* SceneDelegate.swift */; };
		6C31870629CC3B5D00104681 /* ViewController.swift in Sources */ = {isa = PBXBuildFile; fileRef = 6C31870529CC3B5D00104681 /* ViewController.swift */; };
		6C31870929CC3B5D00104681 /* Main.storyboard in Resources */ = {isa = PBXBuildFile; fileRef = 6C31870729CC3B5D00104681 /* Main.storyboard */; };
		6C31870B29CC3B6000104681 /* Assets.xcassets in Resources */ = {isa = PBXBuildFile; fileRef = 6C31870A29CC3B6000104681 /* Assets.xcassets */; };
		6C31870E29CC3B6000104681 /* LaunchScreen.storyboard in Resources */ = {isa = PBXBuildFile; fileRef = 6C31870C29CC3B6000104681 /* LaunchScreen.storyboard */; };
		6C31871929CC3B6000104681 /* SnapshotTests.swift in Sources */ = {isa = PBXBuildFile; fileRef = 6C31871829CC3B6000104681 /* SnapshotTests.swift */; };
		6C31872329CC3B6100104681 /* SnapshotUITests.swift in Sources */ = {isa = PBXBuildFile; fileRef = 6C31872229CC3B6100104681 /* SnapshotUITests.swift */; };
		6C31872529CC3B6100104681 /* SnapshotUITestsLaunchTests.swift in Sources */ = {isa = PBXBuildFile; fileRef = 6C31872429CC3B6100104681 /* SnapshotUITestsLaunchTests.swift */; };
		6C31873229CC460200104681 /* FBSnapshotTestCase.framework in Frameworks */ = {isa = PBXBuildFile; fileRef = 6C31873129CC460200104681 /* FBSnapshotTestCase.framework */; platformFilter = ios; };
		6C31873429CC466300104681 /* FBSnapshotTestCase.framework in CopyFiles */ = {isa = PBXBuildFile; fileRef = 6C31873129CC460200104681 /* FBSnapshotTestCase.framework */; };
/* End PBXBuildFile section */

/* Begin PBXContainerItemProxy section */
		6C31871529CC3B6000104681 /* PBXContainerItemProxy */ = {
			isa = PBXContainerItemProxy;
			containerPortal = 6C3186F629CC3B5D00104681 /* Project object */;
			proxyType = 1;
			remoteGlobalIDString = 6C3186FD29CC3B5D00104681;
			remoteInfo = Snapshot;
		};
		6C31871F29CC3B6100104681 /* PBXContainerItemProxy */ = {
			isa = PBXContainerItemProxy;
			containerPortal = 6C3186F629CC3B5D00104681 /* Project object */;
			proxyType = 1;
			remoteGlobalIDString = 6C3186FD29CC3B5D00104681;
			remoteInfo = Snapshot;
		};
/* End PBXContainerItemProxy section */

/* Begin PBXCopyFilesBuildPhase section */
		6C31873329CC464900104681 /* CopyFiles */ = {
			isa = PBXCopyFilesBuildPhase;
			buildActionMask = 2147483647;
			dstPath = "";
			dstSubfolderSpec = 16;
			files = (
				6C31873429CC466300104681 /* FBSnapshotTestCase.framework in CopyFiles */,
			);
			runOnlyForDeploymentPostprocessing = 0;
		};
/* End PBXCopyFilesBuildPhase section */

/* Begin PBXFileReference section */
		6C3186FE29CC3B5D00104681 /* Snapshot.app */ = {isa = PBXFileReference; explicitFileType = wrapper.application; includeInIndex = 0; path = Snapshot.app; sourceTree = BUILT_PRODUCTS_DIR; };
		6C31870129CC3B5D00104681 /* AppDelegate.swift */ = {isa = PBXFileReference; lastKnownFileType = sourcecode.swift; path = AppDelegate.swift; sourceTree = "<group>"; };
		6C31870329CC3B5D00104681 /* SceneDelegate.swift */ = {isa = PBXFileReference; lastKnownFileType = sourcecode.swift; path = SceneDelegate.swift; sourceTree = "<group>"; };
		6C31870529CC3B5D00104681 /* ViewController.swift */ = {isa = PBXFileReference; lastKnownFileType = sourcecode.swift; path = ViewController.swift; sourceTree = "<group>"; };
		6C31870829CC3B5D00104681 /* Base */ = {isa = PBXFileReference; lastKnownFileType = file.storyboard; name = Base; path = Base.lproj/Main.storyboard; sourceTree = "<group>"; };
		6C31870A29CC3B6000104681 /* Assets.xcassets */ = {isa = PBXFileReference; lastKnownFileType = folder.assetcatalog; path = Assets.xcassets; sourceTree = "<group>"; };
		6C31870D29CC3B6000104681 /* Base */ = {isa = PBXFileReference; lastKnownFileType = file.storyboard; name = Base; path = Base.lproj/LaunchScreen.storyboard; sourceTree = "<group>"; };
		6C31870F29CC3B6000104681 /* Info.plist */ = {isa = PBXFileReference; lastKnownFileType = text.plist.xml; path = Info.plist; sourceTree = "<group>"; };
		6C31871429CC3B6000104681 /* SnapshotTests.xctest */ = {isa = PBXFileReference; explicitFileType = wrapper.cfbundle; includeInIndex = 0; path = SnapshotTests.xctest; sourceTree = BUILT_PRODUCTS_DIR; };
		6C31871829CC3B6000104681 /* SnapshotTests.swift */ = {isa = PBXFileReference; lastKnownFileType = sourcecode.swift; path = SnapshotTests.swift; sourceTree = "<group>"; };
		6C31871E29CC3B6100104681 /* SnapshotUITests.xctest */ = {isa = PBXFileReference; explicitFileType = wrapper.cfbundle; includeInIndex = 0; path = SnapshotUITests.xctest; sourceTree = BUILT_PRODUCTS_DIR; };
		6C31872229CC3B6100104681 /* SnapshotUITests.swift */ = {isa = PBXFileReference; lastKnownFileType = sourcecode.swift; path = SnapshotUITests.swift; sourceTree = "<group>"; };
		6C31872429CC3B6100104681 /* SnapshotUITestsLaunchTests.swift */ = {isa = PBXFileReference; lastKnownFileType = sourcecode.swift; path = SnapshotUITestsLaunchTests.swift; sourceTree = "<group>"; };
		6C31873129CC460200104681 /* FBSnapshotTestCase.framework */ = {isa = PBXFileReference; lastKnownFileType = wrapper.framework; path = FBSnapshotTestCase.framework; sourceTree = "<group>"; };
/* End PBXFileReference section */

/* Begin PBXFrameworksBuildPhase section */
		6C3186FB29CC3B5D00104681 /* Frameworks */ = {
			isa = PBXFrameworksBuildPhase;
			buildActionMask = 2147483647;
			files = (
			);
			runOnlyForDeploymentPostprocessing = 0;
		};
		6C31871129CC3B6000104681 /* Frameworks */ = {
			isa = PBXFrameworksBuildPhase;
			buildActionMask = 2147483647;
			files = (
				6C31873229CC460200104681 /* FBSnapshotTestCase.framework in Frameworks */,
			);
			runOnlyForDeploymentPostprocessing = 0;
		};
		6C31871B29CC3B6100104681 /* Frameworks */ = {
			isa = PBXFrameworksBuildPhase;
			buildActionMask = 2147483647;
			files = (
			);
			runOnlyForDeploymentPostprocessing = 0;
		};
/* End PBXFrameworksBuildPhase section */

/* Begin PBXGroup section */
		6C3186F529CC3B5D00104681 = {
			isa = PBXGroup;
			children = (
				6C31870029CC3B5D00104681 /* Snapshot */,
				6C31871729CC3B6000104681 /* SnapshotTests */,
				6C31872129CC3B6100104681 /* SnapshotUITests */,
				6C3186FF29CC3B5D00104681 /* Products */,
			);
			sourceTree = "<group>";
		};
		6C3186FF29CC3B5D00104681 /* Products */ = {
			isa = PBXGroup;
			children = (
				6C3186FE29CC3B5D00104681 /* Snapshot.app */,
				6C31871429CC3B6000104681 /* SnapshotTests.xctest */,
				6C31871E29CC3B6100104681 /* SnapshotUITests.xctest */,
			);
			name = Products;
			sourceTree = "<group>";
		};
		6C31870029CC3B5D00104681 /* Snapshot */ = {
			isa = PBXGroup;
			children = (
				6C31870129CC3B5D00104681 /* AppDelegate.swift */,
				6C31870329CC3B5D00104681 /* SceneDelegate.swift */,
				6C31870529CC3B5D00104681 /* ViewController.swift */,
				6C31870729CC3B5D00104681 /* Main.storyboard */,
				6C31870A29CC3B6000104681 /* Assets.xcassets */,
				6C31870C29CC3B6000104681 /* LaunchScreen.storyboard */,
				6C31870F29CC3B6000104681 /* Info.plist */,
			);
			path = Snapshot;
			sourceTree = "<group>";
		};
		6C31871729CC3B6000104681 /* SnapshotTests */ = {
			isa = PBXGroup;
			children = (
				6C31871829CC3B6000104681 /* SnapshotTests.swift */,
				6C31873129CC460200104681 /* FBSnapshotTestCase.framework */,
			);
			path = SnapshotTests;
			sourceTree = "<group>";
		};
		6C31872129CC3B6100104681 /* SnapshotUITests */ = {
			isa = PBXGroup;
			children = (
				6C31872229CC3B6100104681 /* SnapshotUITests.swift */,
				6C31872429CC3B6100104681 /* SnapshotUITestsLaunchTests.swift */,
			);
			path = SnapshotUITests;
			sourceTree = "<group>";
		};
/* End PBXGroup section */

/* Begin PBXNativeTarget section */
		6C3186FD29CC3B5D00104681 /* Snapshot */ = {
			isa = PBXNativeTarget;
			buildConfigurationList = 6C31872829CC3B6100104681 /* Build configuration list for PBXNativeTarget "Snapshot" */;
			buildPhases = (
				6C3186FA29CC3B5D00104681 /* Sources */,
				6C3186FB29CC3B5D00104681 /* Frameworks */,
				6C3186FC29CC3B5D00104681 /* Resources */,
				6C31873329CC464900104681 /* CopyFiles */,
			);
			buildRules = (
			);
			dependencies = (
			);
			name = Snapshot;
			productName = Snapshot;
			productReference = 6C3186FE29CC3B5D00104681 /* Snapshot.app */;
			productType = "com.apple.product-type.application";
		};
		6C31871329CC3B6000104681 /* SnapshotTests */ = {
			isa = PBXNativeTarget;
			buildConfigurationList = 6C31872B29CC3B6100104681 /* Build configuration list for PBXNativeTarget "SnapshotTests" */;
			buildPhases = (
				6C31871029CC3B6000104681 /* Sources */,
				6C31871129CC3B6000104681 /* Frameworks */,
				6C31871229CC3B6000104681 /* Resources */,
			);
			buildRules = (
			);
			dependencies = (
				6C31871629CC3B6000104681 /* PBXTargetDependency */,
			);
			name = SnapshotTests;
			productName = SnapshotTests;
			productReference = 6C31871429CC3B6000104681 /* SnapshotTests.xctest */;
			productType = "com.apple.product-type.bundle.unit-test";
		};
		6C31871D29CC3B6100104681 /* SnapshotUITests */ = {
			isa = PBXNativeTarget;
			buildConfigurationList = 6C31872E29CC3B6100104681 /* Build configuration list for PBXNativeTarget "SnapshotUITests" */;
			buildPhases = (
				6C31871A29CC3B6100104681 /* Sources */,
				6C31871B29CC3B6100104681 /* Frameworks */,
				6C31871C29CC3B6100104681 /* Resources */,
			);
			buildRules = (
			);
			dependencies = (
				6C31872029CC3B6100104681 /* PBXTargetDependency */,
			);
			name = SnapshotUITests;
			productName = SnapshotUITests;
			productReference = 6C31871E29CC3B6100104681 /* SnapshotUITests.xctest */;
			productType = "com.apple.product-type.bundle.ui-testing";
		};
/* End PBXNativeTarget section */

/* Begin PBXProject section */
		6C3186F629CC3B5D00104681 /* Project object */ = {
			isa = PBXProject;
			attributes = {
				BuildIndependentTargetsInParallel = 1;
				LastSwiftUpdateCheck = 1420;
				LastUpgradeCheck = 1420;
				TargetAttributes = {
					6C3186FD29CC3B5D00104681 = {
						CreatedOnToolsVersion = 14.2;
					};
					6C31871329CC3B6000104681 = {
						CreatedOnToolsVersion = 14.2;
						TestTargetID = 6C3186FD29CC3B5D00104681;
					};
					6C31871D29CC3B6100104681 = {
						CreatedOnToolsVersion = 14.2;
						TestTargetID = 6C3186FD29CC3B5D00104681;
					};
				};
			};
			buildConfigurationList = 6C3186F929CC3B5D00104681 /* Build configuration list for PBXProject "Snapshot" */;
			compatibilityVersion = "Xcode 14.0";
			developmentRegion = en;
			hasScannedForEncodings = 0;
			knownRegions = (
				en,
				Base,
			);
			mainGroup = 6C3186F529CC3B5D00104681;
			productRefGroup = 6C3186FF29CC3B5D00104681 /* Products */;
			projectDirPath = "";
			projectRoot = "";
			targets = (
				6C3186FD29CC3B5D00104681 /* Snapshot */,
				6C31871329CC3B6000104681 /* SnapshotTests */,
				6C31871D29CC3B6100104681 /* SnapshotUITests */,
			);
		};
/* End PBXProject section */

/* Begin PBXResourcesBuildPhase section */
		6C3186FC29CC3B5D00104681 /* Resources */ = {
			isa = PBXResourcesBuildPhase;
			buildActionMask = 2147483647;
			files = (
				6C31870E29CC3B6000104681 /* LaunchScreen.storyboard in Resources */,
				6C31870B29CC3B6000104681 /* Assets.xcassets in Resources */,
				6C31870929CC3B5D00104681 /* Main.storyboard in Resources */,
			);
			runOnlyForDeploymentPostprocessing = 0;
		};
		6C31871229CC3B6000104681 /* Resources */ = {
			isa = PBXResourcesBuildPhase;
			buildActionMask = 2147483647;
			files = (
			);
			runOnlyForDeploymentPostprocessing = 0;
		};
		6C31871C29CC3B6100104681 /* Resources */ = {
			isa = PBXResourcesBuildPhase;
			buildActionMask = 2147483647;
			files = (
			);
			runOnlyForDeploymentPostprocessing = 0;
		};
/* End PBXResourcesBuildPhase section */

/* Begin PBXSourcesBuildPhase section */
		6C3186FA29CC3B5D00104681 /* Sources */ = {
			isa = PBXSourcesBuildPhase;
			buildActionMask = 2147483647;
			files = (
				6C31870629CC3B5D00104681 /* ViewController.swift in Sources */,
				6C31870229CC3B5D00104681 /* AppDelegate.swift in Sources */,
				6C31870429CC3B5D00104681 /* SceneDelegate.swift in Sources */,
			);
			runOnlyForDeploymentPostprocessing = 0;
		};
		6C31871029CC3B6000104681 /* Sources */ = {
			isa = PBXSourcesBuildPhase;
			buildActionMask = 2147483647;
			files = (
				6C31871929CC3B6000104681 /* SnapshotTests.swift in Sources */,
			);
			runOnlyForDeploymentPostprocessing = 0;
		};
		6C31871A29CC3B6100104681 /* Sources */ = {
			isa = PBXSourcesBuildPhase;
			buildActionMask = 2147483647;
			files = (
				6C31872529CC3B6100104681 /* SnapshotUITestsLaunchTests.swift in Sources */,
				6C31872329CC3B6100104681 /* SnapshotUITests.swift in Sources */,
			);
			runOnlyForDeploymentPostprocessing = 0;
		};
/* End PBXSourcesBuildPhase section */

/* Begin PBXTargetDependency section */
		6C31871629CC3B6000104681 /* PBXTargetDependency */ = {
			isa = PBXTargetDependency;
			target = 6C3186FD29CC3B5D00104681 /* Snapshot */;
			targetProxy = 6C31871529CC3B6000104681 /* PBXContainerItemProxy */;
		};
		6C31872029CC3B6100104681 /* PBXTargetDependency */ = {
			isa = PBXTargetDependency;
			target = 6C3186FD29CC3B5D00104681 /* Snapshot */;
			targetProxy = 6C31871F29CC3B6100104681 /* PBXContainerItemProxy */;
		};
/* End PBXTargetDependency section */

/* Begin PBXVariantGroup section */
		6C31870729CC3B5D00104681 /* Main.storyboard */ = {
			isa = PBXVariantGroup;
			children = (
				6C31870829CC3B5D00104681 /* Base */,
			);
			name = Main.storyboard;
			sourceTree = "<group>";
		};
		6C31870C29CC3B6000104681 /* LaunchScreen.storyboard */ = {
			isa = PBXVariantGroup;
			children = (
				6C31870D29CC3B6000104681 /* Base */,
			);
			name = LaunchScreen.storyboard;
			sourceTree = "<group>";
		};
/* End PBXVariantGroup section */

/* Begin XCBuildConfiguration section */
		6C31872629CC3B6100104681 /* Debug */ = {
			isa = XCBuildConfiguration;
			buildSettings = {
				ALWAYS_SEARCH_USER_PATHS = NO;
				CLANG_ANALYZER_NONNULL = YES;
				CLANG_ANALYZER_NUMBER_OBJECT_CONVERSION = YES_AGGRESSIVE;
				CLANG_CXX_LANGUAGE_STANDARD = "gnu++20";
				CLANG_ENABLE_MODULES = YES;
				CLANG_ENABLE_OBJC_ARC = YES;
				CLANG_ENABLE_OBJC_WEAK = YES;
				CLANG_WARN_BLOCK_CAPTURE_AUTORELEASING = YES;
				CLANG_WARN_BOOL_CONVERSION = YES;
				CLANG_WARN_COMMA = YES;
				CLANG_WARN_CONSTANT_CONVERSION = YES;
				CLANG_WARN_DEPRECATED_OBJC_IMPLEMENTATIONS = YES;
				CLANG_WARN_DIRECT_OBJC_ISA_USAGE = YES_ERROR;
				CLANG_WARN_DOCUMENTATION_COMMENTS = YES;
				CLANG_WARN_EMPTY_BODY = YES;
				CLANG_WARN_ENUM_CONVERSION = YES;
				CLANG_WARN_INFINITE_RECURSION = YES;
				CLANG_WARN_INT_CONVERSION = YES;
				CLANG_WARN_NON_LITERAL_NULL_CONVERSION = YES;
				CLANG_WARN_OBJC_IMPLICIT_RETAIN_SELF = YES;
				CLANG_WARN_OBJC_LITERAL_CONVERSION = YES;
				CLANG_WARN_OBJC_ROOT_CLASS = YES_ERROR;
				CLANG_WARN_QUOTED_INCLUDE_IN_FRAMEWORK_HEADER = YES;
				CLANG_WARN_RANGE_LOOP_ANALYSIS = YES;
				CLANG_WARN_STRICT_PROTOTYPES = YES;
				CLANG_WARN_SUSPICIOUS_MOVE = YES;
				CLANG_WARN_UNGUARDED_AVAILABILITY = YES_AGGRESSIVE;
				CLANG_WARN_UNREACHABLE_CODE = YES;
				CLANG_WARN__DUPLICATE_METHOD_MATCH = YES;
				COPY_PHASE_STRIP = NO;
				DEBUG_INFORMATION_FORMAT = dwarf;
				ENABLE_STRICT_OBJC_MSGSEND = YES;
				ENABLE_TESTABILITY = YES;
				GCC_C_LANGUAGE_STANDARD = gnu11;
				GCC_DYNAMIC_NO_PIC = NO;
				GCC_NO_COMMON_BLOCKS = YES;
				GCC_OPTIMIZATION_LEVEL = 0;
				GCC_PREPROCESSOR_DEFINITIONS = (
					"DEBUG=1",
					"$(inherited)",
				);
				GCC_WARN_64_TO_32_BIT_CONVERSION = YES;
				GCC_WARN_ABOUT_RETURN_TYPE = YES_ERROR;
				GCC_WARN_UNDECLARED_SELECTOR = YES;
				GCC_WARN_UNINITIALIZED_AUTOS = YES_AGGRESSIVE;
				GCC_WARN_UNUSED_FUNCTION = YES;
				GCC_WARN_UNUSED_VARIABLE = YES;
				IPHONEOS_DEPLOYMENT_TARGET = 16.2;
				MTL_ENABLE_DEBUG_INFO = INCLUDE_SOURCE;
				MTL_FAST_MATH = YES;
				ONLY_ACTIVE_ARCH = YES;
				SDKROOT = iphoneos;
				SWIFT_ACTIVE_COMPILATION_CONDITIONS = DEBUG;
				SWIFT_OPTIMIZATION_LEVEL = "-Onone";
			};
			name = Debug;
		};
		6C31872729CC3B6100104681 /* Release */ = {
			isa = XCBuildConfiguration;
			buildSettings = {
				ALWAYS_SEARCH_USER_PATHS = NO;
				CLANG_ANALYZER_NONNULL = YES;
				CLANG_ANALYZER_NUMBER_OBJECT_CONVERSION = YES_AGGRESSIVE;
				CLANG_CXX_LANGUAGE_STANDARD = "gnu++20";
				CLANG_ENABLE_MODULES = YES;
				CLANG_ENABLE_OBJC_ARC = YES;
				CLANG_ENABLE_OBJC_WEAK = YES;
				CLANG_WARN_BLOCK_CAPTURE_AUTORELEASING = YES;
				CLANG_WARN_BOOL_CONVERSION = YES;
				CLANG_WARN_COMMA = YES;
				CLANG_WARN_CONSTANT_CONVERSION = YES;
				CLANG_WARN_DEPRECATED_OBJC_IMPLEMENTATIONS = YES;
				CLANG_WARN_DIRECT_OBJC_ISA_USAGE = YES_ERROR;
				CLANG_WARN_DOCUMENTATION_COMMENTS = YES;
				CLANG_WARN_EMPTY_BODY = YES;
				CLANG_WARN_ENUM_CONVERSION = YES;
				CLANG_WARN_INFINITE_RECURSION = YES;
				CLANG_WARN_INT_CONVERSION = YES;
				CLANG_WARN_NON_LITERAL_NULL_CONVERSION = YES;
				CLANG_WARN_OBJC_IMPLICIT_RETAIN_SELF = YES;
				CLANG_WARN_OBJC_LITERAL_CONVERSION = YES;
				CLANG_WARN_OBJC_ROOT_CLASS = YES_ERROR;
				CLANG_WARN_QUOTED_INCLUDE_IN_FRAMEWORK_HEADER = YES;
				CLANG_WARN_RANGE_LOOP_ANALYSIS = YES;
				CLANG_WARN_STRICT_PROTOTYPES = YES;
				CLANG_WARN_SUSPICIOUS_MOVE = YES;
				CLANG_WARN_UNGUARDED_AVAILABILITY = YES_AGGRESSIVE;
				CLANG_WARN_UNREACHABLE_CODE = YES;
				CLANG_WARN__DUPLICATE_METHOD_MATCH = YES;
				COPY_PHASE_STRIP = NO;
				DEBUG_INFORMATION_FORMAT = "dwarf-with-dsym";
				ENABLE_NS_ASSERTIONS = NO;
				ENABLE_STRICT_OBJC_MSGSEND = YES;
				GCC_C_LANGUAGE_STANDARD = gnu11;
				GCC_NO_COMMON_BLOCKS = YES;
				GCC_WARN_64_TO_32_BIT_CONVERSION = YES;
				GCC_WARN_ABOUT_RETURN_TYPE = YES_ERROR;
				GCC_WARN_UNDECLARED_SELECTOR = YES;
				GCC_WARN_UNINITIALIZED_AUTOS = YES_AGGRESSIVE;
				GCC_WARN_UNUSED_FUNCTION = YES;
				GCC_WARN_UNUSED_VARIABLE = YES;
				IPHONEOS_DEPLOYMENT_TARGET = 16.2;
				MTL_ENABLE_DEBUG_INFO = NO;
				MTL_FAST_MATH = YES;
				SDKROOT = iphoneos;
				SWIFT_COMPILATION_MODE = wholemodule;
				SWIFT_OPTIMIZATION_LEVEL = "-O";
				VALIDATE_PRODUCT = YES;
			};
			name = Release;
		};
		6C31872929CC3B6100104681 /* Debug */ = {
			isa = XCBuildConfiguration;
			buildSettings = {
				ASSETCATALOG_COMPILER_APPICON_NAME = AppIcon;
				ASSETCATALOG_COMPILER_GLOBAL_ACCENT_COLOR_NAME = AccentColor;
				CODE_SIGN_STYLE = Automatic;
				CURRENT_PROJECT_VERSION = 1;
				DEVELOPMENT_TEAM = SH7598WJ8A;
				GENERATE_INFOPLIST_FILE = YES;
				INFOPLIST_FILE = Snapshot/Info.plist;
				INFOPLIST_KEY_UIApplicationSupportsIndirectInputEvents = YES;
				INFOPLIST_KEY_UILaunchStoryboardName = LaunchScreen;
				INFOPLIST_KEY_UIMainStoryboardFile = Main;
				INFOPLIST_KEY_UISupportedInterfaceOrientations_iPad = "UIInterfaceOrientationPortrait UIInterfaceOrientationPortraitUpsideDown UIInterfaceOrientationLandscapeLeft UIInterfaceOrientationLandscapeRight";
				INFOPLIST_KEY_UISupportedInterfaceOrientations_iPhone = "UIInterfaceOrientationPortrait UIInterfaceOrientationLandscapeLeft UIInterfaceOrientationLandscapeRight";
				LD_RUNPATH_SEARCH_PATHS = (
					"$(inherited)",
					"@executable_path/Frameworks",
				);
				MARKETING_VERSION = 1.0;
				PRODUCT_BUNDLE_IDENTIFIER = com.bobbert.Snapshot;
				PRODUCT_NAME = "$(TARGET_NAME)";
				SWIFT_EMIT_LOC_STRINGS = YES;
				SWIFT_VERSION = 5.0;
				TARGETED_DEVICE_FAMILY = "1,2";
			};
			name = Debug;
		};
		6C31872A29CC3B6100104681 /* Release */ = {
			isa = XCBuildConfiguration;
			buildSettings = {
				ASSETCATALOG_COMPILER_APPICON_NAME = AppIcon;
				ASSETCATALOG_COMPILER_GLOBAL_ACCENT_COLOR_NAME = AccentColor;
				CODE_SIGN_STYLE = Automatic;
				CURRENT_PROJECT_VERSION = 1;
				DEVELOPMENT_TEAM = SH7598WJ8A;
				GENERATE_INFOPLIST_FILE = YES;
				INFOPLIST_FILE = Snapshot/Info.plist;
				INFOPLIST_KEY_UIApplicationSupportsIndirectInputEvents = YES;
				INFOPLIST_KEY_UILaunchStoryboardName = LaunchScreen;
				INFOPLIST_KEY_UIMainStoryboardFile = Main;
				INFOPLIST_KEY_UISupportedInterfaceOrientations_iPad = "UIInterfaceOrientationPortrait UIInterfaceOrientationPortraitUpsideDown UIInterfaceOrientationLandscapeLeft UIInterfaceOrientationLandscapeRight";
				INFOPLIST_KEY_UISupportedInterfaceOrientations_iPhone = "UIInterfaceOrientationPortrait UIInterfaceOrientationLandscapeLeft UIInterfaceOrientationLandscapeRight";
				LD_RUNPATH_SEARCH_PATHS = (
					"$(inherited)",
					"@executable_path/Frameworks",
				);
				MARKETING_VERSION = 1.0;
				PRODUCT_BUNDLE_IDENTIFIER = com.bobbert.Snapshot;
				PRODUCT_NAME = "$(TARGET_NAME)";
				SWIFT_EMIT_LOC_STRINGS = YES;
				SWIFT_VERSION = 5.0;
				TARGETED_DEVICE_FAMILY = "1,2";
			};
			name = Release;
		};
		6C31872C29CC3B6100104681 /* Debug */ = {
			isa = XCBuildConfiguration;
			buildSettings = {
				ALWAYS_EMBED_SWIFT_STANDARD_LIBRARIES = YES;
				BUNDLE_LOADER = "$(TEST_HOST)";
				CODE_SIGN_STYLE = Automatic;
				CURRENT_PROJECT_VERSION = 1;
				DEVELOPMENT_TEAM = SH7598WJ8A;
				FRAMEWORK_SEARCH_PATHS = (
					"$(inherited)",
					"$(PROJECT_DIR)/SnapshotTests",
				);
				GENERATE_INFOPLIST_FILE = YES;
				IPHONEOS_DEPLOYMENT_TARGET = 16.2;
				MARKETING_VERSION = 1.0;
				PRODUCT_BUNDLE_IDENTIFIER = com.bobbert.SnapshotTests;
				PRODUCT_NAME = "$(TARGET_NAME)";
				SWIFT_EMIT_LOC_STRINGS = NO;
				SWIFT_VERSION = 5.0;
				TARGETED_DEVICE_FAMILY = "1,2";
				TEST_HOST = "$(BUILT_PRODUCTS_DIR)/Snapshot.app/$(BUNDLE_EXECUTABLE_FOLDER_PATH)/Snapshot";
			};
			name = Debug;
		};
		6C31872D29CC3B6100104681 /* Release */ = {
			isa = XCBuildConfiguration;
			buildSettings = {
				ALWAYS_EMBED_SWIFT_STANDARD_LIBRARIES = YES;
				BUNDLE_LOADER = "$(TEST_HOST)";
				CODE_SIGN_STYLE = Automatic;
				CURRENT_PROJECT_VERSION = 1;
				DEVELOPMENT_TEAM = SH7598WJ8A;
				FRAMEWORK_SEARCH_PATHS = (
					"$(inherited)",
					"$(PROJECT_DIR)/SnapshotTests",
				);
				GENERATE_INFOPLIST_FILE = YES;
				IPHONEOS_DEPLOYMENT_TARGET = 16.2;
				MARKETING_VERSION = 1.0;
				PRODUCT_BUNDLE_IDENTIFIER = com.bobbert.SnapshotTests;
				PRODUCT_NAME = "$(TARGET_NAME)";
				SWIFT_EMIT_LOC_STRINGS = NO;
				SWIFT_VERSION = 5.0;
				TARGETED_DEVICE_FAMILY = "1,2";
				TEST_HOST = "$(BUILT_PRODUCTS_DIR)/Snapshot.app/$(BUNDLE_EXECUTABLE_FOLDER_PATH)/Snapshot";
			};
			name = Release;
		};
		6C31872F29CC3B6100104681 /* Debug */ = {
			isa = XCBuildConfiguration;
			buildSettings = {
				ALWAYS_EMBED_SWIFT_STANDARD_LIBRARIES = YES;
				CODE_SIGN_STYLE = Automatic;
				CURRENT_PROJECT_VERSION = 1;
				DEVELOPMENT_TEAM = SH7598WJ8A;
				GENERATE_INFOPLIST_FILE = YES;
				MARKETING_VERSION = 1.0;
				PRODUCT_BUNDLE_IDENTIFIER = com.bobbert.SnapshotUITests;
				PRODUCT_NAME = "$(TARGET_NAME)";
				SWIFT_EMIT_LOC_STRINGS = NO;
				SWIFT_VERSION = 5.0;
				TARGETED_DEVICE_FAMILY = "1,2";
				TEST_TARGET_NAME = Snapshot;
			};
			name = Debug;
		};
		6C31873029CC3B6100104681 /* Release */ = {
			isa = XCBuildConfiguration;
			buildSettings = {
				ALWAYS_EMBED_SWIFT_STANDARD_LIBRARIES = YES;
				CODE_SIGN_STYLE = Automatic;
				CURRENT_PROJECT_VERSION = 1;
				DEVELOPMENT_TEAM = SH7598WJ8A;
				GENERATE_INFOPLIST_FILE = YES;
				MARKETING_VERSION = 1.0;
				PRODUCT_BUNDLE_IDENTIFIER = com.bobbert.SnapshotUITests;
				PRODUCT_NAME = "$(TARGET_NAME)";
				SWIFT_EMIT_LOC_STRINGS = NO;
				SWIFT_VERSION = 5.0;
				TARGETED_DEVICE_FAMILY = "1,2";
				TEST_TARGET_NAME = Snapshot;
			};
			name = Release;
		};
/* End XCBuildConfiguration section */

/* Begin XCConfigurationList section */
		6C3186F929CC3B5D00104681 /* Build configuration list for PBXProject "Snapshot" */ = {
			isa = XCConfigurationList;
			buildConfigurations = (
				6C31872629CC3B6100104681 /* Debug */,
				6C31872729CC3B6100104681 /* Release */,
			);
			defaultConfigurationIsVisible = 0;
			defaultConfigurationName = Release;
		};
		6C31872829CC3B6100104681 /* Build configuration list for PBXNativeTarget "Snapshot" */ = {
			isa = XCConfigurationList;
			buildConfigurations = (
				6C31872929CC3B6100104681 /* Debug */,
				6C31872A29CC3B6100104681 /* Release */,
			);
			defaultConfigurationIsVisible = 0;
			defaultConfigurationName = Release;
		};
		6C31872B29CC3B6100104681 /* Build configuration list for PBXNativeTarget "SnapshotTests" */ = {
			isa = XCConfigurationList;
			buildConfigurations = (
				6C31872C29CC3B6100104681 /* Debug */,
				6C31872D29CC3B6100104681 /* Release */,
			);
			defaultConfigurationIsVisible = 0;
			defaultConfigurationName = Release;
		};
		6C31872E29CC3B6100104681 /* Build configuration list for PBXNativeTarget "SnapshotUITests" */ = {
			isa = XCConfigurationList;
			buildConfigurations = (
				6C31872F29CC3B6100104681 /* Debug */,
				6C31873029CC3B6100104681 /* Release */,
			);
			defaultConfigurationIsVisible = 0;
			defaultConfigurationName = Release;
		};
/* End XCConfigurationList section */
	};
	rootObject = 6C3186F629CC3B5D00104681 /* Project object */;
}
